
Microsoft Visual Studio Solution File, Format Version 12.00
# Visual Studio 15
Project("{FAE04EC0-301F-11D3-BF4B-00C04F79EFBC}") = "Unity.Timeline", "Unity.Timeline.csproj", "{5D213A6B-156B-6C68-0496-07C0F8C546C6}"
EndProject
Project("{FAE04EC0-301F-11D3-BF4B-00C04F79EFBC}") = "Unity.RenderPipelines.GPUDriven.Runtime", "Unity.RenderPipelines.GPUDriven.Runtime.csproj", "{D6E9F3AA-B3F1-166C-361E-1817E693C9E5}"
EndProject
Project("{FAE04EC0-301F-11D3-BF4B-00C04F79EFBC}") = "Unity.PlasticSCM.Editor", "Unity.PlasticSCM.Editor.csproj", "{656CC870-225E-ACE5-D52D-6327876795A6}"
EndProject
Project("{FAE04EC0-301F-11D3-BF4B-00C04F79EFBC}") = "Unity.ShaderGraph.Editor", "Unity.ShaderGraph.Editor.csproj", "{992C4D1B-FC29-25FF-D255-88CF358B7A0E}"
EndProject
Project("{FAE04EC0-301F-11D3-BF4B-00C04F79EFBC}") = "Unity.RenderPipelines.Core.Runtime", "Unity.RenderPipelines.Core.Runtime.csproj", "{62A2ABA0-A3FC-EF87-F0FD-797691F30E68}"
EndProject
Project("{FAE04EC0-301F-11D3-BF4B-00C04F79EFBC}") = "Unity.Mathematics", "Unity.Mathematics.csproj", "{780E08C7-59E3-F182-B578-49351ABAA4C7}"
EndProject
Project("{FAE04EC0-301F-11D3-BF4B-00C04F79EFBC}") = "Unity.Timeline.Editor", "Unity.Timeline.Editor.csproj", "{DA5B775A-5030-B9C2-7818-D746656A8C43}"
EndProject
Project("{FAE04EC0-301F-11D3-BF4B-00C04F79EFBC}") = "Unity.Multiplayer.Center.Editor", "Unity.Multiplayer.Center.Editor.csproj", "{1F440AA6-938B-D4F5-7230-CE4BA2AA41F3}"
EndProject
Project("{FAE04EC0-301F-11D3-BF4B-00C04F79EFBC}") = "Unity.RenderPipelines.Core.Editor", "Unity.RenderPipelines.Core.Editor.csproj", "{807D1003-0AC0-8D8F-E695-6B4F903E0A53}"
EndProject
Project("{FAE04EC0-301F-11D3-BF4B-00C04F79EFBC}") = "Unity.Collections", "Unity.Collections.csproj", "{99AA1F41-B830-68D1-9DDB-7D48C3CE4145}"
EndProject
Project("{FAE04EC0-301F-11D3-BF4B-00C04F79EFBC}") = "UnityEngine.UI", "UnityEngine.UI.csproj", "{6C9E3187-E97F-41C2-7F42-ABAC576ABEE7}"
EndProject
Project("{FAE04EC0-301F-11D3-BF4B-00C04F79EFBC}") = "Unity.RenderPipelines.Universal.2D.Runtime", "Unity.RenderPipelines.Universal.2D.Runtime.csproj", "{450710C7-3F11-F570-8966-74C556914713}"
EndProject
Project("{FAE04EC0-301F-11D3-BF4B-00C04F79EFBC}") = "Unity.XR.Simulation", "Unity.XR.Simulation.csproj", "{D83AFA73-8ACE-088C-DA48-F50EB141FF9D}"
EndProject
Project("{FAE04EC0-301F-11D3-BF4B-00C04F79EFBC}") = "Unity.RenderPipelines.Universal.Editor", "Unity.RenderPipelines.Universal.Editor.csproj", "{9B7183E9-0E0C-5793-06BD-DB8DE3AAF596}"
EndProject
Project("{FAE04EC0-301F-11D3-BF4B-00C04F79EFBC}") = "Unity.VisualScripting.Core.Editor", "Unity.VisualScripting.Core.Editor.csproj", "{69C0F062-A540-A4E4-D2CB-BC0F4D28D69B}"
EndProject
Project("{FAE04EC0-301F-11D3-BF4B-00C04F79EFBC}") = "Unity.PerformanceTesting.Editor", "Unity.PerformanceTesting.Editor.csproj", "{FC9C059D-A932-8508-4331-09A7F1E96407}"
EndProject
Project("{FAE04EC0-301F-11D3-BF4B-00C04F79EFBC}") = "UnityEngine.TestRunner", "UnityEngine.TestRunner.csproj", "{9D8A0515-A286-0AFE-E783-DC2A9F0610B5}"
EndProject
Project("{FAE04EC0-301F-11D3-BF4B-00C04F79EFBC}") = "Unity.XR.ARFoundation.VisualScripting.Editor", "Unity.XR.ARFoundation.VisualScripting.Editor.csproj", "{0B1E9DA1-FB17-5E85-35F8-C8ADB2FE7C88}"
EndProject
Project("{FAE04EC0-301F-11D3-BF4B-00C04F79EFBC}") = "Unity.Burst", "Unity.Burst.csproj", "{C4D6384B-C55A-7D81-4121-D0BF3DDD5C53}"
EndProject
Project("{FAE04EC0-301F-11D3-BF4B-00C04F79EFBC}") = "Unity.XR.ARKit", "Unity.XR.ARKit.csproj", "{2FE8A6FE-B03A-C6FF-F558-EA6EC9D47080}"
EndProject
Project("{FAE04EC0-301F-11D3-BF4B-00C04F79EFBC}") = "Unity.VisualScripting.Flow.Editor", "Unity.VisualScripting.Flow.Editor.csproj", "{D96236B1-32C2-8D0D-B9F1-6A6E80F578B2}"
EndProject
Project("{FAE04EC0-301F-11D3-BF4B-00C04F79EFBC}") = "Unity.XR.ARSubsystems", "Unity.XR.ARSubsystems.csproj", "{CC58EF3F-6E54-465B-2C43-F226B6CA8296}"
EndProject
Project("{FAE04EC0-301F-11D3-BF4B-00C04F79EFBC}") = "Unity.VisualStudio.Editor", "Unity.VisualStudio.Editor.csproj", "{96B0116C-C70D-8F16-496F-D327C0235479}"
EndProject
Project("{FAE04EC0-301F-11D3-BF4B-00C04F79EFBC}") = "Unity.InputSystem", "Unity.InputSystem.csproj", "{BE1BBA2D-562A-F632-5D81-751FB9E19134}"
EndProject
Project("{FAE04EC0-301F-11D3-BF4B-00C04F79EFBC}") = "PPv2URPConverters", "PPv2URPConverters.csproj", "{EBBFA5D8-C2FC-2F21-5997-DDE53E410901}"
EndProject
Project("{FAE04EC0-301F-11D3-BF4B-00C04F79EFBC}") = "Unity.XR.ARKit.Editor", "Unity.XR.ARKit.Editor.csproj", "{4428330C-30BC-51D7-B7D1-423F0485A185}"
EndProject
Project("{FAE04EC0-301F-11D3-BF4B-00C04F79EFBC}") = "Unity.XR.CoreUtils", "Unity.XR.CoreUtils.csproj", "{B50ADC1C-B1BE-BA32-DB35-0A37522DE642}"
EndProject
Project("{FAE04EC0-301F-11D3-BF4B-00C04F79EFBC}") = "Unity.XR.Simulation.Editor", "Unity.XR.Simulation.Editor.csproj", "{90FFE013-E417-7C5F-9063-EFF8E396ECEC}"
EndProject
Project("{FAE04EC0-301F-11D3-BF4B-00C04F79EFBC}") = "Unity.Searcher.Editor", "Unity.Searcher.Editor.csproj", "{E2BFEA7A-5736-A401-C65F-755CE0DE7C00}"
EndProject
Project("{FAE04EC0-301F-11D3-BF4B-00C04F79EFBC}") = "Unity.XR.ARCore", "Unity.XR.ARCore.csproj", "{2D65D454-827D-D408-17AA-F493FF1BD888}"
EndProject
Project("{FAE04EC0-301F-11D3-BF4B-00C04F79EFBC}") = "UnityEditor.TestRunner", "UnityEditor.TestRunner.csproj", "{FAD5F7E3-8472-C67F-F957-E75AFEE29FD7}"
EndProject
Project("{FAE04EC0-301F-11D3-BF4B-00C04F79EFBC}") = "Unity.VisualScripting.Core", "Unity.VisualScripting.Core.csproj", "{58D8F050-34D3-9512-7E13-E657FC4C42B0}"
EndProject
Project("{FAE04EC0-301F-11D3-BF4B-00C04F79EFBC}") = "Unity.RenderPipelines.Universal.Runtime", "Unity.RenderPipelines.Universal.Runtime.csproj", "{6361CC79-A697-DA24-D503-D17C9090F60A}"
EndProject
Project("{FAE04EC0-301F-11D3-BF4B-00C04F79EFBC}") = "Unity.CollabProxy.Editor", "Unity.CollabProxy.Editor.csproj", "{2A28E4B3-A086-3DFF-2C81-8C52FD2B210D}"
EndProject
Project("{FAE04EC0-301F-11D3-BF4B-00C04F79EFBC}") = "Unity.AI.Navigation.Editor.ConversionSystem", "Unity.AI.Navigation.Editor.ConversionSystem.csproj", "{BD9CF511-F61C-874A-F93B-70832E419CD4}"
EndProject
Project("{FAE04EC0-301F-11D3-BF4B-00C04F79EFBC}") = "Unity.VisualScripting.State.Editor", "Unity.VisualScripting.State.Editor.csproj", "{25BFFC9C-9365-91CD-D07B-68DD74328DC4}"
EndProject
Project("{FAE04EC0-301F-11D3-BF4B-00C04F79EFBC}") = "Unity.Burst.CodeGen", "Unity.Burst.CodeGen.csproj", "{28D82B09-718D-DAA1-89C9-FADDC7CE4BC7}"
EndProject
Project("{FAE04EC0-301F-11D3-BF4B-00C04F79EFBC}") = "Unity.VisualScripting.Flow", "Unity.VisualScripting.Flow.csproj", "{67819173-D4AE-DFB3-63A5-A2FD0D3CD6F1}"
EndProject
Project("{FAE04EC0-301F-11D3-BF4B-00C04F79EFBC}") = "Unity.XR.ARFoundation", "Unity.XR.ARFoundation.csproj", "{310110AA-14C4-64FE-168A-DA18DA0ACFB6}"
EndProject
Project("{FAE04EC0-301F-11D3-BF4B-00C04F79EFBC}") = "Unity.PerformanceTesting", "Unity.PerformanceTesting.csproj", "{C58525B1-8992-EBAA-53FE-30A2D2084815}"
EndProject
Project("{FAE04EC0-301F-11D3-BF4B-00C04F79EFBC}") = "Unity.TextMeshPro", "Unity.TextMeshPro.csproj", "{276FF1D8-070E-0CEE-DF29-9B1237720F02}"
EndProject
Project("{FAE04EC0-301F-11D3-BF4B-00C04F79EFBC}") = "Unity.TextMeshPro.Editor", "Unity.TextMeshPro.Editor.csproj", "{F8B552A7-34BA-D424-47FE-0C35DFF07573}"
EndProject
Project("{FAE04EC0-301F-11D3-BF4B-00C04F79EFBC}") = "Unity.Rendering.LightTransport.Runtime", "Unity.Rendering.LightTransport.Runtime.csproj", "{12615D55-CAC3-3667-7D06-738FF018BC4A}"
EndProject
Project("{FAE04EC0-301F-11D3-BF4B-00C04F79EFBC}") = "Unity.Burst.Editor", "Unity.Burst.Editor.csproj", "{B08CED24-5785-0105-1DDB-73AFF486DF6E}"
EndProject
Project("{FAE04EC0-301F-11D3-BF4B-00C04F79EFBC}") = "Unity.Rider.Editor", "Unity.Rider.Editor.csproj", "{E2A0FB3D-3821-3E76-4B18-94BFA121DB18}"
EndProject
Project("{FAE04EC0-301F-11D3-BF4B-00C04F79EFBC}") = "Unity.XR.ARFoundation.VisualScripting", "Unity.XR.ARFoundation.VisualScripting.csproj", "{FD5688E8-DD67-F19C-FF72-537890CAC81B}"
EndProject
Project("{FAE04EC0-301F-11D3-BF4B-00C04F79EFBC}") = "Unity.VisualScripting.State", "Unity.VisualScripting.State.csproj", "{36FCD4EE-5AC6-ECF0-6768-BF9F4039FF0F}"
EndProject
Project("{FAE04EC0-301F-11D3-BF4B-00C04F79EFBC}") = "Unity.AI.Navigation.Updater", "Unity.AI.Navigation.Updater.csproj", "{A1062665-BA65-E2D7-846D-92F3AC9B4328}"
EndProject
Project("{FAE04EC0-301F-11D3-BF4B-00C04F79EFBC}") = "Unity.XR.ARSubsystems.Editor", "Unity.XR.ARSubsystems.Editor.csproj", "{18C120F8-2C13-E5CC-6EE7-1D56EC9DBCD4}"
EndProject
Project("{FAE04EC0-301F-11D3-BF4B-00C04F79EFBC}") = "Unity.XR.Management.Editor", "Unity.XR.Management.Editor.csproj", "{527DED91-CE60-FE16-7AC7-49F1F536ED3E}"
EndProject
Project("{FAE04EC0-301F-11D3-BF4B-00C04F79EFBC}") = "UnityEditor.UI", "UnityEditor.UI.csproj", "{54EEF498-67D1-9112-F0A4-F7BC1B33A8B7}"
EndProject
Project("{FAE04EC0-301F-11D3-BF4B-00C04F79EFBC}") = "Unity.XR.ARCore.Editor", "Unity.XR.ARCore.Editor.csproj", "{69AD3324-9787-96E8-1063-CF38494410CA}"
EndProject
Project("{FAE04EC0-301F-11D3-BF4B-00C04F79EFBC}") = "Unity.XR.CoreUtils.Editor", "Unity.XR.CoreUtils.Editor.csproj", "{F4C11046-644C-6ABA-7E86-A6369889655C}"
EndProject
Project("{FAE04EC0-301F-11D3-BF4B-00C04F79EFBC}") = "Unity.AI.Navigation.Editor", "Unity.AI.Navigation.Editor.csproj", "{9AE50F87-057C-D34A-F743-995BA0A7EA51}"
EndProject
Project("{FAE04EC0-301F-11D3-BF4B-00C04F79EFBC}") = "Unity.Multiplayer.Center.Common", "Unity.Multiplayer.Center.Common.csproj", "{D5D1C2A6-72A6-B9FC-0CFD-398B8483803A}"
EndProject
Project("{FAE04EC0-301F-11D3-BF4B-00C04F79EFBC}") = "Unity.InputSystem.ForUI", "Unity.InputSystem.ForUI.csproj", "{3F3E2A12-887E-25D7-C30A-5F5F6D5C36DF}"
EndProject
Project("{FAE04EC0-301F-11D3-BF4B-00C04F79EFBC}") = "Unity.AI.Navigation", "Unity.AI.Navigation.csproj", "{CB0F8E8B-D68D-7D6F-9339-F2EBFE4C2947}"
EndProject
Project("{FAE04EC0-301F-11D3-BF4B-00C04F79EFBC}") = "Unity.Collections.CodeGen", "Unity.Collections.CodeGen.csproj", "{573E2E30-6AE5-5802-A327-C8833F9605F5}"
EndProject
Project("{FAE04EC0-301F-11D3-BF4B-00C04F79EFBC}") = "Unity.XR.Management", "Unity.XR.Management.csproj", "{5FBF37EC-2B1D-AFFD-8961-1853725003C8}"
EndProject
Project("{FAE04EC0-301F-11D3-BF4B-00C04F79EFBC}") = "Unity.Mathematics.Editor", "Unity.Mathematics.Editor.csproj", "{098BAFF9-1FCF-76E3-3C8E-BAC49853D534}"
EndProject
Project("{FAE04EC0-301F-11D3-BF4B-00C04F79EFBC}") = "Unity.VisualScripting.SettingsProvider.Editor", "Unity.VisualScripting.SettingsProvider.Editor.csproj", "{8ADE864D-A4EA-FE0E-7BD7-C3BCC26C8E48}"
EndProject
Project("{FAE04EC0-301F-11D3-BF4B-00C04F79EFBC}") = "Assembly-CSharp-Editor", "Assembly-CSharp-Editor.csproj", "{E57344B9-9BF3-99C4-403D-E2C39ED003DD}"
EndProject
Project("{FAE04EC0-301F-11D3-BF4B-00C04F79EFBC}") = "Unity.InputSystem.TestFramework", "Unity.InputSystem.TestFramework.csproj", "{B4B4F23C-DDCD-5E6E-2038-11CE66F8E5E8}"
EndProject
Project("{FAE04EC0-301F-11D3-BF4B-00C04F79EFBC}") = "UnityEditor.XR.LegacyInputHelpers", "UnityEditor.XR.LegacyInputHelpers.csproj", "{EF1DF821-61BA-0D66-2AEB-AC2CCFBEF95B}"
EndProject
Project("{FAE04EC0-301F-11D3-BF4B-00C04F79EFBC}") = "Unity.ShaderGraph.Utilities", "Unity.ShaderGraph.Utilities.csproj", "{9D5ED2F7-2F95-51FB-4667-8D6F5EED04A4}"
EndProject
Project("{FAE04EC0-301F-11D3-BF4B-00C04F79EFBC}") = "Unity.VisualScripting.Shared.Editor", "Unity.VisualScripting.Shared.Editor.csproj", "{B7F50796-6A91-E422-1EAD-26956A8AD86D}"
EndProject
Project("{FAE04EC0-301F-11D3-BF4B-00C04F79EFBC}") = "Unity.XR.ARFoundation.InternalUtils", "Unity.XR.ARFoundation.InternalUtils.csproj", "{1114E5BF-115F-AA83-88D7-22EC73F1EECC}"
EndProject
Project("{FAE04EC0-301F-11D3-BF4B-00C04F79EFBC}") = "Unity.XR.ARFoundation.Editor", "Unity.XR.ARFoundation.Editor.csproj", "{8EE5BBF8-CA22-E346-31FF-D906D10904D1}"
EndProject
Project("{FAE04EC0-301F-11D3-BF4B-00C04F79EFBC}") = "Unity.EditorCoroutines.Editor", "Unity.EditorCoroutines.Editor.csproj", "{8C8B0FF4-F173-9F9E-2416-DE1502E71476}"
EndProject
Project("{FAE04EC0-301F-11D3-BF4B-00C04F79EFBC}") = "Unity.RenderPipeline.Universal.ShaderLibrary", "Unity.RenderPipeline.Universal.ShaderLibrary.csproj", "{E4EE6041-99AB-36E1-E2A6-16342F6ADBA8}"
EndProject
Project("{FAE04EC0-301F-11D3-BF4B-00C04F79EFBC}") = "UnityEngine.SpatialTracking", "UnityEngine.SpatialTracking.csproj", "{B40C59B7-814A-3097-127A-2099EE0FA3FE}"
EndProject
Project("{FAE04EC0-301F-11D3-BF4B-00C04F79EFBC}") = "UnityEngine.XR.LegacyInputHelpers", "UnityEngine.XR.LegacyInputHelpers.csproj", "{26231E5E-58C8-708A-6124-230ED5FA6051}"
EndProject
Project("{FAE04EC0-301F-11D3-BF4B-00C04F79EFBC}") = "Unity.Rendering.LightTransport.Editor", "Unity.Rendering.LightTransport.Editor.csproj", "{8BDD85FA-BA5A-138F-762D-A77C0C7C18AA}"
EndProject
Project("{FAE04EC0-301F-11D3-BF4B-00C04F79EFBC}") = "Unity.InputSystem.DocCodeSamples", "Unity.InputSystem.DocCodeSamples.csproj", "{29832052-9400-8A68-E246-B8682B193165}"
EndProject
Project("{FAE04EC0-301F-11D3-BF4B-00C04F79EFBC}") = "Unity.RenderPipelines.Universal.Shaders", "Unity.RenderPipelines.Universal.Shaders.csproj", "{B1AA1194-2DC7-ADDA-70EF-432DE321912E}"
EndProject
Project("{FAE04EC0-301F-11D3-BF4B-00C04F79EFBC}") = "Unity.RenderPipelines.Core.Runtime.Shared", "Unity.RenderPipelines.Core.Runtime.Shared.csproj", "{9E7D5D90-7BD6-E906-11ED-74A47A5A8D71}"
EndProject
Project("{FAE04EC0-301F-11D3-BF4B-00C04F79EFBC}") = "Unity.XR.ARAnalytics.Editor", "Unity.XR.ARAnalytics.Editor.csproj", "{D69C0DD7-F04A-642B-AB40-29EF62D9C53F}"
EndProject
Project("{FAE04EC0-301F-11D3-BF4B-00C04F79EFBC}") = "Unity.XR.ARFoundation.InternalUtils.Editor", "Unity.XR.ARFoundation.InternalUtils.Editor.csproj", "{6AB8DBE1-2A68-4810-2AE7-9D64ED8157E9}"
EndProject
Project("{FAE04EC0-301F-11D3-BF4B-00C04F79EFBC}") = "Unity.XR.ARKit.FaceTracking", "Unity.XR.ARKit.FaceTracking.csproj", "{834AB452-C48E-22B5-043C-CEA3E0D92284}"
EndProject
Project("{FAE04EC0-301F-11D3-BF4B-00C04F79EFBC}") = "Assembly-CSharp", "Assembly-CSharp.csproj", "{93EA63D1-4817-3E0B-78EB-41724A64DC8A}"
EndProject
Project("{FAE04EC0-301F-11D3-BF4B-00C04F79EFBC}") = "Unity.PlasticSCM.Editor.Entities", "Unity.PlasticSCM.Editor.Entities.csproj", "{4DC6BCE9-9F9C-2580-FCC6-927B2E94155A}"
EndProject
Project("{FAE04EC0-301F-11D3-BF4B-00C04F79EFBC}") = "UnityEditor.SpatialTracking", "UnityEditor.SpatialTracking.csproj", "{754F1971-0F80-032A-8FD6-F6AED7ACC753}"
EndProject
Project("{FAE04EC0-301F-11D3-BF4B-00C04F79EFBC}") = "Unity.Collections.Editor", "Unity.Collections.Editor.csproj", "{4A7C178A-AFF5-C8A1-5DE9-931F6E660DA5}"
EndProject
Project("{FAE04EC0-301F-11D3-BF4B-00C04F79EFBC}") = "Unity.RenderPipelines.Universal.Config.Runtime", "Unity.RenderPipelines.Universal.Config.Runtime.csproj", "{8773C8C2-AC3B-1161-905F-03B8862ED61A}"
EndProject
Project("{FAE04EC0-301F-11D3-BF4B-00C04F79EFBC}") = "Unity.RenderPipelines.ShaderGraph.ShaderGraphLibrary", "Unity.RenderPipelines.ShaderGraph.ShaderGraphLibrary.csproj", "{98EE9471-4AAB-B1A8-0C76-0FA33C3A9B87}"
EndProject
Project("{FAE04EC0-301F-11D3-BF4B-00C04F79EFBC}") = "Unity.RenderPipelines.Core.ShaderLibrary", "Unity.RenderPipelines.Core.ShaderLibrary.csproj", "{D0B66EC1-53EF-99DB-C4C0-8C587737F3DA}"
EndProject
Project("{FAE04EC0-301F-11D3-BF4B-00C04F79EFBC}") = "Unity.RenderPipelines.Core.Editor.Shared", "Unity.RenderPipelines.Core.Editor.Shared.csproj", "{56966C8C-F760-C531-BEB3-185DD7998B7A}"
EndProject
Project("{FAE04EC0-301F-11D3-BF4B-00C04F79EFBC}") = "Unity.Timeline", "Unity.Timeline.Player.csproj", "{6B52877D-AFAE-F2A5-FD9D-BF72071EC72B}"
EndProject
Project("{FAE04EC0-301F-11D3-BF4B-00C04F79EFBC}") = "Unity.RenderPipelines.GPUDriven.Runtime", "Unity.RenderPipelines.GPUDriven.Runtime.Player.csproj", "{F4FEF941-0BA2-2980-EA31-DB6841AD732A}"
EndProject
Project("{FAE04EC0-301F-11D3-BF4B-00C04F79EFBC}") = "Unity.RenderPipelines.Core.Runtime", "Unity.RenderPipelines.Core.Runtime.Player.csproj", "{88D9C75D-2668-ACE3-A5DC-D6407302A02E}"
EndProject
Project("{FAE04EC0-301F-11D3-BF4B-00C04F79EFBC}") = "Unity.Mathematics", "Unity.Mathematics.Player.csproj", "{FC8AAA2B-92F4-B3E9-8732-9D70A46C18FC}"
EndProject
Project("{FAE04EC0-301F-11D3-BF4B-00C04F79EFBC}") = "Unity.Collections", "Unity.Collections.Player.csproj", "{0CD98BBF-47FD-C184-EDB4-22856577C689}"
EndProject
Project("{FAE04EC0-301F-11D3-BF4B-00C04F79EFBC}") = "UnityEngine.UI", "UnityEngine.UI.Player.csproj", "{5E7B834B-47EB-AF5F-8CE9-0392E21A0D30}"
EndProject
Project("{FAE04EC0-301F-11D3-BF4B-00C04F79EFBC}") = "Unity.RenderPipelines.Universal.2D.Runtime", "Unity.RenderPipelines.Universal.2D.Runtime.Player.csproj", "{205EBEF5-97D7-1FA5-6ADF-6A8FA71A5631}"
EndProject
Project("{FAE04EC0-301F-11D3-BF4B-00C04F79EFBC}") = "UnityEngine.TestRunner", "UnityEngine.TestRunner.Player.csproj", "{2C6FF3A5-B219-83AF-16FE-573FA378218F}"
EndProject
Project("{FAE04EC0-301F-11D3-BF4B-00C04F79EFBC}") = "Unity.Burst", "Unity.Burst.Player.csproj", "{DCA6D9AF-8145-72A5-5B37-3303C2029FCB}"
EndProject
Project("{FAE04EC0-301F-11D3-BF4B-00C04F79EFBC}") = "Unity.XR.ARSubsystems", "Unity.XR.ARSubsystems.Player.csproj", "{60EBF0E5-7B71-826E-E69F-4C6ECD5B4E34}"
EndProject
Project("{FAE04EC0-301F-11D3-BF4B-00C04F79EFBC}") = "Unity.InputSystem", "Unity.InputSystem.Player.csproj", "{912B331A-C8E3-CAA7-6B03-37577B580083}"
EndProject
Project("{FAE04EC0-301F-11D3-BF4B-00C04F79EFBC}") = "Unity.XR.CoreUtils", "Unity.XR.CoreUtils.Player.csproj", "{2B6AA38B-9FD6-C87E-4BB4-9A0C41BCDC9A}"
EndProject
Project("{FAE04EC0-301F-11D3-BF4B-00C04F79EFBC}") = "Unity.XR.ARCore", "Unity.XR.ARCore.Player.csproj", "{34F44686-A509-E847-98CF-CEC22F0F5219}"
EndProject
Project("{FAE04EC0-301F-11D3-BF4B-00C04F79EFBC}") = "Unity.VisualScripting.Core", "Unity.VisualScripting.Core.Player.csproj", "{B5ACD7C5-2698-FBAF-E7AD-C728C7982E75}"
EndProject
Project("{FAE04EC0-301F-11D3-BF4B-00C04F79EFBC}") = "Unity.RenderPipelines.Universal.Runtime", "Unity.RenderPipelines.Universal.Runtime.Player.csproj", "{1F9AA694-8145-775D-5548-802FD82C110E}"
EndProject
Project("{FAE04EC0-301F-11D3-BF4B-00C04F79EFBC}") = "Unity.VisualScripting.Flow", "Unity.VisualScripting.Flow.Player.csproj", "{49F32A32-6A02-BB39-C596-10BDDF4064BC}"
EndProject
Project("{FAE04EC0-301F-11D3-BF4B-00C04F79EFBC}") = "Unity.XR.ARFoundation", "Unity.XR.ARFoundation.Player.csproj", "{674467E4-E236-5D22-6D79-AF2E3A19C265}"
EndProject
Project("{FAE04EC0-301F-11D3-BF4B-00C04F79EFBC}") = "Unity.PerformanceTesting", "Unity.PerformanceTesting.Player.csproj", "{7ECA921F-3EFC-470D-5E8E-5CFAA5DBD8D7}"
EndProject
Project("{FAE04EC0-301F-11D3-BF4B-00C04F79EFBC}") = "Unity.TextMeshPro", "Unity.TextMeshPro.Player.csproj", "{0D0A118F-B966-771A-50AE-A08C01E7FB51}"
EndProject
Project("{FAE04EC0-301F-11D3-BF4B-00C04F79EFBC}") = "Unity.Rendering.LightTransport.Runtime", "Unity.Rendering.LightTransport.Runtime.Player.csproj", "{2907D566-2626-B3A4-FF77-E63A89FDBA34}"
EndProject
Project("{FAE04EC0-301F-11D3-BF4B-00C04F79EFBC}") = "Unity.XR.ARFoundation.VisualScripting", "Unity.XR.ARFoundation.VisualScripting.Player.csproj", "{B10584DB-843E-734E-9946-144C27668424}"
EndProject
Project("{FAE04EC0-301F-11D3-BF4B-00C04F79EFBC}") = "Unity.VisualScripting.State", "Unity.VisualScripting.State.Player.csproj", "{008D4292-484E-D50F-D1C4-6A21A8E9BB61}"
EndProject
Project("{FAE04EC0-301F-11D3-BF4B-00C04F79EFBC}") = "Unity.Multiplayer.Center.Common", "Unity.Multiplayer.Center.Common.Player.csproj", "{A9F273C7-0F93-FF90-EFBE-50CCC74D4035}"
EndProject
Project("{FAE04EC0-301F-11D3-BF4B-00C04F79EFBC}") = "Unity.InputSystem.ForUI", "Unity.InputSystem.ForUI.Player.csproj", "{E72926AB-E4C4-182B-00D6-6BBC47E84B33}"
EndProject
Project("{FAE04EC0-301F-11D3-BF4B-00C04F79EFBC}") = "Unity.AI.Navigation", "Unity.AI.Navigation.Player.csproj", "{5AEF5DAD-BDDF-3390-F42D-F34E7B1AC4AF}"
EndProject
Project("{FAE04EC0-301F-11D3-BF4B-00C04F79EFBC}") = "Unity.XR.Management", "Unity.XR.Management.Player.csproj", "{337681D9-2E72-0E84-9CAF-BF4EB70E9A4A}"
EndProject
Project("{FAE04EC0-301F-11D3-BF4B-00C04F79EFBC}") = "Unity.InputSystem.TestFramework", "Unity.InputSystem.TestFramework.Player.csproj", "{2A3977FF-DB68-871F-20E9-149356556205}"
EndProject
Project("{FAE04EC0-301F-11D3-BF4B-00C04F79EFBC}") = "Unity.XR.ARFoundation.InternalUtils", "Unity.XR.ARFoundation.InternalUtils.Player.csproj", "{69A06EE4-73E1-D0F6-3F4E-1EEA2D08056C}"
EndProject
Project("{FAE04EC0-301F-11D3-BF4B-00C04F79EFBC}") = "Unity.RenderPipeline.Universal.ShaderLibrary", "Unity.RenderPipeline.Universal.ShaderLibrary.Player.csproj", "{0A39A017-D8E0-1DF3-1B86-BB23DF8567C8}"
EndProject
Project("{FAE04EC0-301F-11D3-BF4B-00C04F79EFBC}") = "UnityEngine.SpatialTracking", "UnityEngine.SpatialTracking.Player.csproj", "{3936EC45-5A0D-83AA-3F56-DAB87F70EDA6}"
EndProject
Project("{FAE04EC0-301F-11D3-BF4B-00C04F79EFBC}") = "UnityEngine.XR.LegacyInputHelpers", "UnityEngine.XR.LegacyInputHelpers.Player.csproj", "{8FB7DDEE-87E2-FEC3-8E13-20D68E3C000B}"
EndProject
Project("{FAE04EC0-301F-11D3-BF4B-00C04F79EFBC}") = "Unity.RenderPipelines.Universal.Shaders", "Unity.RenderPipelines.Universal.Shaders.Player.csproj", "{D31EE14A-27AA-B617-4B0C-C2D7737E76A5}"
EndProject
Project("{FAE04EC0-301F-11D3-BF4B-00C04F79EFBC}") = "Unity.RenderPipelines.Core.Runtime.Shared", "Unity.RenderPipelines.Core.Runtime.Shared.Player.csproj", "{C3F84FCA-6E6E-86A5-8719-7AE6DEACB6E1}"
EndProject
Project("{FAE04EC0-301F-11D3-BF4B-00C04F79EFBC}") = "Assembly-CSharp", "Assembly-CSharp.Player.csproj", "{110F17EA-4CD8-8013-2209-DCE48BAF207D}"
EndProject
Project("{FAE04EC0-301F-11D3-BF4B-00C04F79EFBC}") = "Unity.RenderPipelines.Universal.Config.Runtime", "Unity.RenderPipelines.Universal.Config.Runtime.Player.csproj", "{21F3A49E-18FF-1188-5AD6-FC1681023B81}"
EndProject
Project("{FAE04EC0-301F-11D3-BF4B-00C04F79EFBC}") = "Unity.RenderPipelines.ShaderGraph.ShaderGraphLibrary", "Unity.RenderPipelines.ShaderGraph.ShaderGraphLibrary.Player.csproj", "{AC04E307-0B0B-950F-4E9E-71357388339F}"
EndProject
Project("{FAE04EC0-301F-11D3-BF4B-00C04F79EFBC}") = "Unity.RenderPipelines.Core.ShaderLibrary", "Unity.RenderPipelines.Core.ShaderLibrary.Player.csproj", "{1D1905F6-DDA2-56DA-6309-435FC8DD85B5}"
EndProject
Global
	GlobalSection(SolutionConfigurationPlatforms) = preSolution
		Debug|Any CPU = Debug|Any CPU
		Release|Any CPU = Release|Any CPU
	EndGlobalSection
	GlobalSection(ProjectConfigurationPlatforms) = postSolution
		{5D213A6B-156B-6C68-0496-07C0F8C546C6}.Debug|Any CPU.ActiveCfg = Debug|Any CPU
		{5D213A6B-156B-6C68-0496-07C0F8C546C6}.Debug|Any CPU.Build.0 = Debug|Any CPU
		{5D213A6B-156B-6C68-0496-07C0F8C546C6}.Release|Any CPU.ActiveCfg = Release|Any CPU
		{5D213A6B-156B-6C68-0496-07C0F8C546C6}.Release|Any CPU.Build.0 = Release|Any CPU
		{D6E9F3AA-B3F1-166C-361E-1817E693C9E5}.Debug|Any CPU.ActiveCfg = Debug|Any CPU
		{D6E9F3AA-B3F1-166C-361E-1817E693C9E5}.Debug|Any CPU.Build.0 = Debug|Any CPU
		{D6E9F3AA-B3F1-166C-361E-1817E693C9E5}.Release|Any CPU.ActiveCfg = Release|Any CPU
		{D6E9F3AA-B3F1-166C-361E-1817E693C9E5}.Release|Any CPU.Build.0 = Release|Any CPU
		{656CC870-225E-ACE5-D52D-6327876795A6}.Debug|Any CPU.ActiveCfg = Debug|Any CPU
		{656CC870-225E-ACE5-D52D-6327876795A6}.Debug|Any CPU.Build.0 = Debug|Any CPU
		{656CC870-225E-ACE5-D52D-6327876795A6}.Release|Any CPU.ActiveCfg = Release|Any CPU
		{656CC870-225E-ACE5-D52D-6327876795A6}.Release|Any CPU.Build.0 = Release|Any CPU
		{992C4D1B-FC29-25FF-D255-88CF358B7A0E}.Debug|Any CPU.ActiveCfg = Debug|Any CPU
		{992C4D1B-FC29-25FF-D255-88CF358B7A0E}.Debug|Any CPU.Build.0 = Debug|Any CPU
		{992C4D1B-FC29-25FF-D255-88CF358B7A0E}.Release|Any CPU.ActiveCfg = Release|Any CPU
		{992C4D1B-FC29-25FF-D255-88CF358B7A0E}.Release|Any CPU.Build.0 = Release|Any CPU
		{62A2ABA0-A3FC-EF87-F0FD-797691F30E68}.Debug|Any CPU.ActiveCfg = Debug|Any CPU
		{62A2ABA0-A3FC-EF87-F0FD-797691F30E68}.Debug|Any CPU.Build.0 = Debug|Any CPU
		{62A2ABA0-A3FC-EF87-F0FD-797691F30E68}.Release|Any CPU.ActiveCfg = Release|Any CPU
		{62A2ABA0-A3FC-EF87-F0FD-797691F30E68}.Release|Any CPU.Build.0 = Release|Any CPU
		{780E08C7-59E3-F182-B578-49351ABAA4C7}.Debug|Any CPU.ActiveCfg = Debug|Any CPU
		{780E08C7-59E3-F182-B578-49351ABAA4C7}.Debug|Any CPU.Build.0 = Debug|Any CPU
		{780E08C7-59E3-F182-B578-49351ABAA4C7}.Release|Any CPU.ActiveCfg = Release|Any CPU
		{780E08C7-59E3-F182-B578-49351ABAA4C7}.Release|Any CPU.Build.0 = Release|Any CPU
		{DA5B775A-5030-B9C2-7818-D746656A8C43}.Debug|Any CPU.ActiveCfg = Debug|Any CPU
		{DA5B775A-5030-B9C2-7818-D746656A8C43}.Debug|Any CPU.Build.0 = Debug|Any CPU
		{DA5B775A-5030-B9C2-7818-D746656A8C43}.Release|Any CPU.ActiveCfg = Release|Any CPU
		{DA5B775A-5030-B9C2-7818-D746656A8C43}.Release|Any CPU.Build.0 = Release|Any CPU
		{1F440AA6-938B-D4F5-7230-CE4BA2AA41F3}.Debug|Any CPU.ActiveCfg = Debug|Any CPU
		{1F440AA6-938B-D4F5-7230-CE4BA2AA41F3}.Debug|Any CPU.Build.0 = Debug|Any CPU
		{1F440AA6-938B-D4F5-7230-CE4BA2AA41F3}.Release|Any CPU.ActiveCfg = Release|Any CPU
		{1F440AA6-938B-D4F5-7230-CE4BA2AA41F3}.Release|Any CPU.Build.0 = Release|Any CPU
		{807D1003-0AC0-8D8F-E695-6B4F903E0A53}.Debug|Any CPU.ActiveCfg = Debug|Any CPU
		{807D1003-0AC0-8D8F-E695-6B4F903E0A53}.Debug|Any CPU.Build.0 = Debug|Any CPU
		{807D1003-0AC0-8D8F-E695-6B4F903E0A53}.Release|Any CPU.ActiveCfg = Release|Any CPU
		{807D1003-0AC0-8D8F-E695-6B4F903E0A53}.Release|Any CPU.Build.0 = Release|Any CPU
		{99AA1F41-B830-68D1-9DDB-7D48C3CE4145}.Debug|Any CPU.ActiveCfg = Debug|Any CPU
		{99AA1F41-B830-68D1-9DDB-7D48C3CE4145}.Debug|Any CPU.Build.0 = Debug|Any CPU
		{99AA1F41-B830-68D1-9DDB-7D48C3CE4145}.Release|Any CPU.ActiveCfg = Release|Any CPU
		{99AA1F41-B830-68D1-9DDB-7D48C3CE4145}.Release|Any CPU.Build.0 = Release|Any CPU
		{6C9E3187-E97F-41C2-7F42-ABAC576ABEE7}.Debug|Any CPU.ActiveCfg = Debug|Any CPU
		{6C9E3187-E97F-41C2-7F42-ABAC576ABEE7}.Debug|Any CPU.Build.0 = Debug|Any CPU
		{6C9E3187-E97F-41C2-7F42-ABAC576ABEE7}.Release|Any CPU.ActiveCfg = Release|Any CPU
		{6C9E3187-E97F-41C2-7F42-ABAC576ABEE7}.Release|Any CPU.Build.0 = Release|Any CPU
		{450710C7-3F11-F570-8966-74C556914713}.Debug|Any CPU.ActiveCfg = Debug|Any CPU
		{450710C7-3F11-F570-8966-74C556914713}.Debug|Any CPU.Build.0 = Debug|Any CPU
		{450710C7-3F11-F570-8966-74C556914713}.Release|Any CPU.ActiveCfg = Release|Any CPU
		{450710C7-3F11-F570-8966-74C556914713}.Release|Any CPU.Build.0 = Release|Any CPU
		{D83AFA73-8ACE-088C-DA48-F50EB141FF9D}.Debug|Any CPU.ActiveCfg = Debug|Any CPU
		{D83AFA73-8ACE-088C-DA48-F50EB141FF9D}.Debug|Any CPU.Build.0 = Debug|Any CPU
		{D83AFA73-8ACE-088C-DA48-F50EB141FF9D}.Release|Any CPU.ActiveCfg = Release|Any CPU
		{D83AFA73-8ACE-088C-DA48-F50EB141FF9D}.Release|Any CPU.Build.0 = Release|Any CPU
		{9B7183E9-0E0C-5793-06BD-DB8DE3AAF596}.Debug|Any CPU.ActiveCfg = Debug|Any CPU
		{9B7183E9-0E0C-5793-06BD-DB8DE3AAF596}.Debug|Any CPU.Build.0 = Debug|Any CPU
		{9B7183E9-0E0C-5793-06BD-DB8DE3AAF596}.Release|Any CPU.ActiveCfg = Release|Any CPU
		{9B7183E9-0E0C-5793-06BD-DB8DE3AAF596}.Release|Any CPU.Build.0 = Release|Any CPU
		{69C0F062-A540-A4E4-D2CB-BC0F4D28D69B}.Debug|Any CPU.ActiveCfg = Debug|Any CPU
		{69C0F062-A540-A4E4-D2CB-BC0F4D28D69B}.Debug|Any CPU.Build.0 = Debug|Any CPU
		{69C0F062-A540-A4E4-D2CB-BC0F4D28D69B}.Release|Any CPU.ActiveCfg = Release|Any CPU
		{69C0F062-A540-A4E4-D2CB-BC0F4D28D69B}.Release|Any CPU.Build.0 = Release|Any CPU
		{FC9C059D-A932-8508-4331-09A7F1E96407}.Debug|Any CPU.ActiveCfg = Debug|Any CPU
		{FC9C059D-A932-8508-4331-09A7F1E96407}.Debug|Any CPU.Build.0 = Debug|Any CPU
		{FC9C059D-A932-8508-4331-09A7F1E96407}.Release|Any CPU.ActiveCfg = Release|Any CPU
		{FC9C059D-A932-8508-4331-09A7F1E96407}.Release|Any CPU.Build.0 = Release|Any CPU
		{9D8A0515-A286-0AFE-E783-DC2A9F0610B5}.Debug|Any CPU.ActiveCfg = Debug|Any CPU
		{9D8A0515-A286-0AFE-E783-DC2A9F0610B5}.Debug|Any CPU.Build.0 = Debug|Any CPU
		{9D8A0515-A286-0AFE-E783-DC2A9F0610B5}.Release|Any CPU.ActiveCfg = Release|Any CPU
		{9D8A0515-A286-0AFE-E783-DC2A9F0610B5}.Release|Any CPU.Build.0 = Release|Any CPU
		{0B1E9DA1-FB17-5E85-35F8-C8ADB2FE7C88}.Debug|Any CPU.ActiveCfg = Debug|Any CPU
		{0B1E9DA1-FB17-5E85-35F8-C8ADB2FE7C88}.Debug|Any CPU.Build.0 = Debug|Any CPU
		{0B1E9DA1-FB17-5E85-35F8-C8ADB2FE7C88}.Release|Any CPU.ActiveCfg = Release|Any CPU
		{0B1E9DA1-FB17-5E85-35F8-C8ADB2FE7C88}.Release|Any CPU.Build.0 = Release|Any CPU
		{C4D6384B-C55A-7D81-4121-D0BF3DDD5C53}.Debug|Any CPU.ActiveCfg = Debug|Any CPU
		{C4D6384B-C55A-7D81-4121-D0BF3DDD5C53}.Debug|Any CPU.Build.0 = Debug|Any CPU
		{C4D6384B-C55A-7D81-4121-D0BF3DDD5C53}.Release|Any CPU.ActiveCfg = Release|Any CPU
		{C4D6384B-C55A-7D81-4121-D0BF3DDD5C53}.Release|Any CPU.Build.0 = Release|Any CPU
		{2FE8A6FE-B03A-C6FF-F558-EA6EC9D47080}.Debug|Any CPU.ActiveCfg = Debug|Any CPU
		{2FE8A6FE-B03A-C6FF-F558-EA6EC9D47080}.Debug|Any CPU.Build.0 = Debug|Any CPU
		{2FE8A6FE-B03A-C6FF-F558-EA6EC9D47080}.Release|Any CPU.ActiveCfg = Release|Any CPU
		{2FE8A6FE-B03A-C6FF-F558-EA6EC9D47080}.Release|Any CPU.Build.0 = Release|Any CPU
		{D96236B1-32C2-8D0D-B9F1-6A6E80F578B2}.Debug|Any CPU.ActiveCfg = Debug|Any CPU
		{D96236B1-32C2-8D0D-B9F1-6A6E80F578B2}.Debug|Any CPU.Build.0 = Debug|Any CPU
		{D96236B1-32C2-8D0D-B9F1-6A6E80F578B2}.Release|Any CPU.ActiveCfg = Release|Any CPU
		{D96236B1-32C2-8D0D-B9F1-6A6E80F578B2}.Release|Any CPU.Build.0 = Release|Any CPU
		{CC58EF3F-6E54-465B-2C43-F226B6CA8296}.Debug|Any CPU.ActiveCfg = Debug|Any CPU
		{CC58EF3F-6E54-465B-2C43-F226B6CA8296}.Debug|Any CPU.Build.0 = Debug|Any CPU
		{CC58EF3F-6E54-465B-2C43-F226B6CA8296}.Release|Any CPU.ActiveCfg = Release|Any CPU
		{CC58EF3F-6E54-465B-2C43-F226B6CA8296}.Release|Any CPU.Build.0 = Release|Any CPU
		{96B0116C-C70D-8F16-496F-D327C0235479}.Debug|Any CPU.ActiveCfg = Debug|Any CPU
		{96B0116C-C70D-8F16-496F-D327C0235479}.Debug|Any CPU.Build.0 = Debug|Any CPU
		{96B0116C-C70D-8F16-496F-D327C0235479}.Release|Any CPU.ActiveCfg = Release|Any CPU
		{96B0116C-C70D-8F16-496F-D327C0235479}.Release|Any CPU.Build.0 = Release|Any CPU
		{BE1BBA2D-562A-F632-5D81-751FB9E19134}.Debug|Any CPU.ActiveCfg = Debug|Any CPU
		{BE1BBA2D-562A-F632-5D81-751FB9E19134}.Debug|Any CPU.Build.0 = Debug|Any CPU
		{BE1BBA2D-562A-F632-5D81-751FB9E19134}.Release|Any CPU.ActiveCfg = Release|Any CPU
		{BE1BBA2D-562A-F632-5D81-751FB9E19134}.Release|Any CPU.Build.0 = Release|Any CPU
		{EBBFA5D8-C2FC-2F21-5997-DDE53E410901}.Debug|Any CPU.ActiveCfg = Debug|Any CPU
		{EBBFA5D8-C2FC-2F21-5997-DDE53E410901}.Debug|Any CPU.Build.0 = Debug|Any CPU
		{EBBFA5D8-C2FC-2F21-5997-DDE53E410901}.Release|Any CPU.ActiveCfg = Release|Any CPU
		{EBBFA5D8-C2FC-2F21-5997-DDE53E410901}.Release|Any CPU.Build.0 = Release|Any CPU
		{4428330C-30BC-51D7-B7D1-423F0485A185}.Debug|Any CPU.ActiveCfg = Debug|Any CPU
		{4428330C-30BC-51D7-B7D1-423F0485A185}.Debug|Any CPU.Build.0 = Debug|Any CPU
		{4428330C-30BC-51D7-B7D1-423F0485A185}.Release|Any CPU.ActiveCfg = Release|Any CPU
		{4428330C-30BC-51D7-B7D1-423F0485A185}.Release|Any CPU.Build.0 = Release|Any CPU
		{B50ADC1C-B1BE-BA32-DB35-0A37522DE642}.Debug|Any CPU.ActiveCfg = Debug|Any CPU
		{B50ADC1C-B1BE-BA32-DB35-0A37522DE642}.Debug|Any CPU.Build.0 = Debug|Any CPU
		{B50ADC1C-B1BE-BA32-DB35-0A37522DE642}.Release|Any CPU.ActiveCfg = Release|Any CPU
		{B50ADC1C-B1BE-BA32-DB35-0A37522DE642}.Release|Any CPU.Build.0 = Release|Any CPU
		{90FFE013-E417-7C5F-9063-EFF8E396ECEC}.Debug|Any CPU.ActiveCfg = Debug|Any CPU
		{90FFE013-E417-7C5F-9063-EFF8E396ECEC}.Debug|Any CPU.Build.0 = Debug|Any CPU
		{90FFE013-E417-7C5F-9063-EFF8E396ECEC}.Release|Any CPU.ActiveCfg = Release|Any CPU
		{90FFE013-E417-7C5F-9063-EFF8E396ECEC}.Release|Any CPU.Build.0 = Release|Any CPU
		{E2BFEA7A-5736-A401-C65F-755CE0DE7C00}.Debug|Any CPU.ActiveCfg = Debug|Any CPU
		{E2BFEA7A-5736-A401-C65F-755CE0DE7C00}.Debug|Any CPU.Build.0 = Debug|Any CPU
		{E2BFEA7A-5736-A401-C65F-755CE0DE7C00}.Release|Any CPU.ActiveCfg = Release|Any CPU
		{E2BFEA7A-5736-A401-C65F-755CE0DE7C00}.Release|Any CPU.Build.0 = Release|Any CPU
		{2D65D454-827D-D408-17AA-F493FF1BD888}.Debug|Any CPU.ActiveCfg = Debug|Any CPU
		{2D65D454-827D-D408-17AA-F493FF1BD888}.Debug|Any CPU.Build.0 = Debug|Any CPU
		{2D65D454-827D-D408-17AA-F493FF1BD888}.Release|Any CPU.ActiveCfg = Release|Any CPU
		{2D65D454-827D-D408-17AA-F493FF1BD888}.Release|Any CPU.Build.0 = Release|Any CPU
		{FAD5F7E3-8472-C67F-F957-E75AFEE29FD7}.Debug|Any CPU.ActiveCfg = Debug|Any CPU
		{FAD5F7E3-8472-C67F-F957-E75AFEE29FD7}.Debug|Any CPU.Build.0 = Debug|Any CPU
		{FAD5F7E3-8472-C67F-F957-E75AFEE29FD7}.Release|Any CPU.ActiveCfg = Release|Any CPU
		{FAD5F7E3-8472-C67F-F957-E75AFEE29FD7}.Release|Any CPU.Build.0 = Release|Any CPU
		{58D8F050-34D3-9512-7E13-E657FC4C42B0}.Debug|Any CPU.ActiveCfg = Debug|Any CPU
		{58D8F050-34D3-9512-7E13-E657FC4C42B0}.Debug|Any CPU.Build.0 = Debug|Any CPU
		{58D8F050-34D3-9512-7E13-E657FC4C42B0}.Release|Any CPU.ActiveCfg = Release|Any CPU
		{58D8F050-34D3-9512-7E13-E657FC4C42B0}.Release|Any CPU.Build.0 = Release|Any CPU
		{6361CC79-A697-DA24-D503-D17C9090F60A}.Debug|Any CPU.ActiveCfg = Debug|Any CPU
		{6361CC79-A697-DA24-D503-D17C9090F60A}.Debug|Any CPU.Build.0 = Debug|Any CPU
		{6361CC79-A697-DA24-D503-D17C9090F60A}.Release|Any CPU.ActiveCfg = Release|Any CPU
		{6361CC79-A697-DA24-D503-D17C9090F60A}.Release|Any CPU.Build.0 = Release|Any CPU
		{2A28E4B3-A086-3DFF-2C81-8C52FD2B210D}.Debug|Any CPU.ActiveCfg = Debug|Any CPU
		{2A28E4B3-A086-3DFF-2C81-8C52FD2B210D}.Debug|Any CPU.Build.0 = Debug|Any CPU
		{2A28E4B3-A086-3DFF-2C81-8C52FD2B210D}.Release|Any CPU.ActiveCfg = Release|Any CPU
		{2A28E4B3-A086-3DFF-2C81-8C52FD2B210D}.Release|Any CPU.Build.0 = Release|Any CPU
		{BD9CF511-F61C-874A-F93B-70832E419CD4}.Debug|Any CPU.ActiveCfg = Debug|Any CPU
		{BD9CF511-F61C-874A-F93B-70832E419CD4}.Debug|Any CPU.Build.0 = Debug|Any CPU
		{BD9CF511-F61C-874A-F93B-70832E419CD4}.Release|Any CPU.ActiveCfg = Release|Any CPU
		{BD9CF511-F61C-874A-F93B-70832E419CD4}.Release|Any CPU.Build.0 = Release|Any CPU
		{25BFFC9C-9365-91CD-D07B-68DD74328DC4}.Debug|Any CPU.ActiveCfg = Debug|Any CPU
		{25BFFC9C-9365-91CD-D07B-68DD74328DC4}.Debug|Any CPU.Build.0 = Debug|Any CPU
		{25BFFC9C-9365-91CD-D07B-68DD74328DC4}.Release|Any CPU.ActiveCfg = Release|Any CPU
		{25BFFC9C-9365-91CD-D07B-68DD74328DC4}.Release|Any CPU.Build.0 = Release|Any CPU
		{28D82B09-718D-DAA1-89C9-FADDC7CE4BC7}.Debug|Any CPU.ActiveCfg = Debug|Any CPU
		{28D82B09-718D-DAA1-89C9-FADDC7CE4BC7}.Debug|Any CPU.Build.0 = Debug|Any CPU
		{28D82B09-718D-DAA1-89C9-FADDC7CE4BC7}.Release|Any CPU.ActiveCfg = Release|Any CPU
		{28D82B09-718D-DAA1-89C9-FADDC7CE4BC7}.Release|Any CPU.Build.0 = Release|Any CPU
		{67819173-D4AE-DFB3-63A5-A2FD0D3CD6F1}.Debug|Any CPU.ActiveCfg = Debug|Any CPU
		{67819173-D4AE-DFB3-63A5-A2FD0D3CD6F1}.Debug|Any CPU.Build.0 = Debug|Any CPU
		{67819173-D4AE-DFB3-63A5-A2FD0D3CD6F1}.Release|Any CPU.ActiveCfg = Release|Any CPU
		{67819173-D4AE-DFB3-63A5-A2FD0D3CD6F1}.Release|Any CPU.Build.0 = Release|Any CPU
		{310110AA-14C4-64FE-168A-DA18DA0ACFB6}.Debug|Any CPU.ActiveCfg = Debug|Any CPU
		{310110AA-14C4-64FE-168A-DA18DA0ACFB6}.Debug|Any CPU.Build.0 = Debug|Any CPU
		{310110AA-14C4-64FE-168A-DA18DA0ACFB6}.Release|Any CPU.ActiveCfg = Release|Any CPU
		{310110AA-14C4-64FE-168A-DA18DA0ACFB6}.Release|Any CPU.Build.0 = Release|Any CPU
		{C58525B1-8992-EBAA-53FE-30A2D2084815}.Debug|Any CPU.ActiveCfg = Debug|Any CPU
		{C58525B1-8992-EBAA-53FE-30A2D2084815}.Debug|Any CPU.Build.0 = Debug|Any CPU
		{C58525B1-8992-EBAA-53FE-30A2D2084815}.Release|Any CPU.ActiveCfg = Release|Any CPU
		{C58525B1-8992-EBAA-53FE-30A2D2084815}.Release|Any CPU.Build.0 = Release|Any CPU
		{276FF1D8-070E-0CEE-DF29-9B1237720F02}.Debug|Any CPU.ActiveCfg = Debug|Any CPU
		{276FF1D8-070E-0CEE-DF29-9B1237720F02}.Debug|Any CPU.Build.0 = Debug|Any CPU
		{276FF1D8-070E-0CEE-DF29-9B1237720F02}.Release|Any CPU.ActiveCfg = Release|Any CPU
		{276FF1D8-070E-0CEE-DF29-9B1237720F02}.Release|Any CPU.Build.0 = Release|Any CPU
		{F8B552A7-34BA-D424-47FE-0C35DFF07573}.Debug|Any CPU.ActiveCfg = Debug|Any CPU
		{F8B552A7-34BA-D424-47FE-0C35DFF07573}.Debug|Any CPU.Build.0 = Debug|Any CPU
		{F8B552A7-34BA-D424-47FE-0C35DFF07573}.Release|Any CPU.ActiveCfg = Release|Any CPU
		{F8B552A7-34BA-D424-47FE-0C35DFF07573}.Release|Any CPU.Build.0 = Release|Any CPU
		{12615D55-CAC3-3667-7D06-738FF018BC4A}.Debug|Any CPU.ActiveCfg = Debug|Any CPU
		{12615D55-CAC3-3667-7D06-738FF018BC4A}.Debug|Any CPU.Build.0 = Debug|Any CPU
		{12615D55-CAC3-3667-7D06-738FF018BC4A}.Release|Any CPU.ActiveCfg = Release|Any CPU
		{12615D55-CAC3-3667-7D06-738FF018BC4A}.Release|Any CPU.Build.0 = Release|Any CPU
		{B08CED24-5785-0105-1DDB-73AFF486DF6E}.Debug|Any CPU.ActiveCfg = Debug|Any CPU
		{B08CED24-5785-0105-1DDB-73AFF486DF6E}.Debug|Any CPU.Build.0 = Debug|Any CPU
		{B08CED24-5785-0105-1DDB-73AFF486DF6E}.Release|Any CPU.ActiveCfg = Release|Any CPU
		{B08CED24-5785-0105-1DDB-73AFF486DF6E}.Release|Any CPU.Build.0 = Release|Any CPU
		{E2A0FB3D-3821-3E76-4B18-94BFA121DB18}.Debug|Any CPU.ActiveCfg = Debug|Any CPU
		{E2A0FB3D-3821-3E76-4B18-94BFA121DB18}.Debug|Any CPU.Build.0 = Debug|Any CPU
		{E2A0FB3D-3821-3E76-4B18-94BFA121DB18}.Release|Any CPU.ActiveCfg = Release|Any CPU
		{E2A0FB3D-3821-3E76-4B18-94BFA121DB18}.Release|Any CPU.Build.0 = Release|Any CPU
		{FD5688E8-DD67-F19C-FF72-537890CAC81B}.Debug|Any CPU.ActiveCfg = Debug|Any CPU
		{FD5688E8-DD67-F19C-FF72-537890CAC81B}.Debug|Any CPU.Build.0 = Debug|Any CPU
		{FD5688E8-DD67-F19C-FF72-537890CAC81B}.Release|Any CPU.ActiveCfg = Release|Any CPU
		{FD5688E8-DD67-F19C-FF72-537890CAC81B}.Release|Any CPU.Build.0 = Release|Any CPU
		{36FCD4EE-5AC6-ECF0-6768-BF9F4039FF0F}.Debug|Any CPU.ActiveCfg = Debug|Any CPU
		{36FCD4EE-5AC6-ECF0-6768-BF9F4039FF0F}.Debug|Any CPU.Build.0 = Debug|Any CPU
		{36FCD4EE-5AC6-ECF0-6768-BF9F4039FF0F}.Release|Any CPU.ActiveCfg = Release|Any CPU
		{36FCD4EE-5AC6-ECF0-6768-BF9F4039FF0F}.Release|Any CPU.Build.0 = Release|Any CPU
		{A1062665-BA65-E2D7-846D-92F3AC9B4328}.Debug|Any CPU.ActiveCfg = Debug|Any CPU
		{A1062665-BA65-E2D7-846D-92F3AC9B4328}.Debug|Any CPU.Build.0 = Debug|Any CPU
		{A1062665-BA65-E2D7-846D-92F3AC9B4328}.Release|Any CPU.ActiveCfg = Release|Any CPU
		{A1062665-BA65-E2D7-846D-92F3AC9B4328}.Release|Any CPU.Build.0 = Release|Any CPU
		{18C120F8-2C13-E5CC-6EE7-1D56EC9DBCD4}.Debug|Any CPU.ActiveCfg = Debug|Any CPU
		{18C120F8-2C13-E5CC-6EE7-1D56EC9DBCD4}.Debug|Any CPU.Build.0 = Debug|Any CPU
		{18C120F8-2C13-E5CC-6EE7-1D56EC9DBCD4}.Release|Any CPU.ActiveCfg = Release|Any CPU
		{18C120F8-2C13-E5CC-6EE7-1D56EC9DBCD4}.Release|Any CPU.Build.0 = Release|Any CPU
		{527DED91-CE60-FE16-7AC7-49F1F536ED3E}.Debug|Any CPU.ActiveCfg = Debug|Any CPU
		{527DED91-CE60-FE16-7AC7-49F1F536ED3E}.Debug|Any CPU.Build.0 = Debug|Any CPU
		{527DED91-CE60-FE16-7AC7-49F1F536ED3E}.Release|Any CPU.ActiveCfg = Release|Any CPU
		{527DED91-CE60-FE16-7AC7-49F1F536ED3E}.Release|Any CPU.Build.0 = Release|Any CPU
		{54EEF498-67D1-9112-F0A4-F7BC1B33A8B7}.Debug|Any CPU.ActiveCfg = Debug|Any CPU
		{54EEF498-67D1-9112-F0A4-F7BC1B33A8B7}.Debug|Any CPU.Build.0 = Debug|Any CPU
		{54EEF498-67D1-9112-F0A4-F7BC1B33A8B7}.Release|Any CPU.ActiveCfg = Release|Any CPU
		{54EEF498-67D1-9112-F0A4-F7BC1B33A8B7}.Release|Any CPU.Build.0 = Release|Any CPU
		{69AD3324-9787-96E8-1063-CF38494410CA}.Debug|Any CPU.ActiveCfg = Debug|Any CPU
		{69AD3324-9787-96E8-1063-CF38494410CA}.Debug|Any CPU.Build.0 = Debug|Any CPU
		{69AD3324-9787-96E8-1063-CF38494410CA}.Release|Any CPU.ActiveCfg = Release|Any CPU
		{69AD3324-9787-96E8-1063-CF38494410CA}.Release|Any CPU.Build.0 = Release|Any CPU
		{F4C11046-644C-6ABA-7E86-A6369889655C}.Debug|Any CPU.ActiveCfg = Debug|Any CPU
		{F4C11046-644C-6ABA-7E86-A6369889655C}.Debug|Any CPU.Build.0 = Debug|Any CPU
		{F4C11046-644C-6ABA-7E86-A6369889655C}.Release|Any CPU.ActiveCfg = Release|Any CPU
		{F4C11046-644C-6ABA-7E86-A6369889655C}.Release|Any CPU.Build.0 = Release|Any CPU
		{9AE50F87-057C-D34A-F743-995BA0A7EA51}.Debug|Any CPU.ActiveCfg = Debug|Any CPU
		{9AE50F87-057C-D34A-F743-995BA0A7EA51}.Debug|Any CPU.Build.0 = Debug|Any CPU
		{9AE50F87-057C-D34A-F743-995BA0A7EA51}.Release|Any CPU.ActiveCfg = Release|Any CPU
		{9AE50F87-057C-D34A-F743-995BA0A7EA51}.Release|Any CPU.Build.0 = Release|Any CPU
		{D5D1C2A6-72A6-B9FC-0CFD-398B8483803A}.Debug|Any CPU.ActiveCfg = Debug|Any CPU
		{D5D1C2A6-72A6-B9FC-0CFD-398B8483803A}.Debug|Any CPU.Build.0 = Debug|Any CPU
		{D5D1C2A6-72A6-B9FC-0CFD-398B8483803A}.Release|Any CPU.ActiveCfg = Release|Any CPU
		{D5D1C2A6-72A6-B9FC-0CFD-398B8483803A}.Release|Any CPU.Build.0 = Release|Any CPU
		{3F3E2A12-887E-25D7-C30A-5F5F6D5C36DF}.Debug|Any CPU.ActiveCfg = Debug|Any CPU
		{3F3E2A12-887E-25D7-C30A-5F5F6D5C36DF}.Debug|Any CPU.Build.0 = Debug|Any CPU
		{3F3E2A12-887E-25D7-C30A-5F5F6D5C36DF}.Release|Any CPU.ActiveCfg = Release|Any CPU
		{3F3E2A12-887E-25D7-C30A-5F5F6D5C36DF}.Release|Any CPU.Build.0 = Release|Any CPU
		{CB0F8E8B-D68D-7D6F-9339-F2EBFE4C2947}.Debug|Any CPU.ActiveCfg = Debug|Any CPU
		{CB0F8E8B-D68D-7D6F-9339-F2EBFE4C2947}.Debug|Any CPU.Build.0 = Debug|Any CPU
		{CB0F8E8B-D68D-7D6F-9339-F2EBFE4C2947}.Release|Any CPU.ActiveCfg = Release|Any CPU
		{CB0F8E8B-D68D-7D6F-9339-F2EBFE4C2947}.Release|Any CPU.Build.0 = Release|Any CPU
		{573E2E30-6AE5-5802-A327-C8833F9605F5}.Debug|Any CPU.ActiveCfg = Debug|Any CPU
		{573E2E30-6AE5-5802-A327-C8833F9605F5}.Debug|Any CPU.Build.0 = Debug|Any CPU
		{573E2E30-6AE5-5802-A327-C8833F9605F5}.Release|Any CPU.ActiveCfg = Release|Any CPU
		{573E2E30-6AE5-5802-A327-C8833F9605F5}.Release|Any CPU.Build.0 = Release|Any CPU
		{5FBF37EC-2B1D-AFFD-8961-1853725003C8}.Debug|Any CPU.ActiveCfg = Debug|Any CPU
		{5FBF37EC-2B1D-AFFD-8961-1853725003C8}.Debug|Any CPU.Build.0 = Debug|Any CPU
		{5FBF37EC-2B1D-AFFD-8961-1853725003C8}.Release|Any CPU.ActiveCfg = Release|Any CPU
		{5FBF37EC-2B1D-AFFD-8961-1853725003C8}.Release|Any CPU.Build.0 = Release|Any CPU
		{098BAFF9-1FCF-76E3-3C8E-BAC49853D534}.Debug|Any CPU.ActiveCfg = Debug|Any CPU
		{098BAFF9-1FCF-76E3-3C8E-BAC49853D534}.Debug|Any CPU.Build.0 = Debug|Any CPU
		{098BAFF9-1FCF-76E3-3C8E-BAC49853D534}.Release|Any CPU.ActiveCfg = Release|Any CPU
		{098BAFF9-1FCF-76E3-3C8E-BAC49853D534}.Release|Any CPU.Build.0 = Release|Any CPU
		{8ADE864D-A4EA-FE0E-7BD7-C3BCC26C8E48}.Debug|Any CPU.ActiveCfg = Debug|Any CPU
		{8ADE864D-A4EA-FE0E-7BD7-C3BCC26C8E48}.Debug|Any CPU.Build.0 = Debug|Any CPU
		{8ADE864D-A4EA-FE0E-7BD7-C3BCC26C8E48}.Release|Any CPU.ActiveCfg = Release|Any CPU
		{8ADE864D-A4EA-FE0E-7BD7-C3BCC26C8E48}.Release|Any CPU.Build.0 = Release|Any CPU
		{E57344B9-9BF3-99C4-403D-E2C39ED003DD}.Debug|Any CPU.ActiveCfg = Debug|Any CPU
		{E57344B9-9BF3-99C4-403D-E2C39ED003DD}.Debug|Any CPU.Build.0 = Debug|Any CPU
		{E57344B9-9BF3-99C4-403D-E2C39ED003DD}.Release|Any CPU.ActiveCfg = Release|Any CPU
		{E57344B9-9BF3-99C4-403D-E2C39ED003DD}.Release|Any CPU.Build.0 = Release|Any CPU
		{B4B4F23C-DDCD-5E6E-2038-11CE66F8E5E8}.Debug|Any CPU.ActiveCfg = Debug|Any CPU
		{B4B4F23C-DDCD-5E6E-2038-11CE66F8E5E8}.Debug|Any CPU.Build.0 = Debug|Any CPU
		{B4B4F23C-DDCD-5E6E-2038-11CE66F8E5E8}.Release|Any CPU.ActiveCfg = Release|Any CPU
		{B4B4F23C-DDCD-5E6E-2038-11CE66F8E5E8}.Release|Any CPU.Build.0 = Release|Any CPU
		{EF1DF821-61BA-0D66-2AEB-AC2CCFBEF95B}.Debug|Any CPU.ActiveCfg = Debug|Any CPU
		{EF1DF821-61BA-0D66-2AEB-AC2CCFBEF95B}.Debug|Any CPU.Build.0 = Debug|Any CPU
		{EF1DF821-61BA-0D66-2AEB-AC2CCFBEF95B}.Release|Any CPU.ActiveCfg = Release|Any CPU
		{EF1DF821-61BA-0D66-2AEB-AC2CCFBEF95B}.Release|Any CPU.Build.0 = Release|Any CPU
		{9D5ED2F7-2F95-51FB-4667-8D6F5EED04A4}.Debug|Any CPU.ActiveCfg = Debug|Any CPU
		{9D5ED2F7-2F95-51FB-4667-8D6F5EED04A4}.Debug|Any CPU.Build.0 = Debug|Any CPU
		{9D5ED2F7-2F95-51FB-4667-8D6F5EED04A4}.Release|Any CPU.ActiveCfg = Release|Any CPU
		{9D5ED2F7-2F95-51FB-4667-8D6F5EED04A4}.Release|Any CPU.Build.0 = Release|Any CPU
		{B7F50796-6A91-E422-1EAD-26956A8AD86D}.Debug|Any CPU.ActiveCfg = Debug|Any CPU
		{B7F50796-6A91-E422-1EAD-26956A8AD86D}.Debug|Any CPU.Build.0 = Debug|Any CPU
		{B7F50796-6A91-E422-1EAD-26956A8AD86D}.Release|Any CPU.ActiveCfg = Release|Any CPU
		{B7F50796-6A91-E422-1EAD-26956A8AD86D}.Release|Any CPU.Build.0 = Release|Any CPU
		{1114E5BF-115F-AA83-88D7-22EC73F1EECC}.Debug|Any CPU.ActiveCfg = Debug|Any CPU
		{1114E5BF-115F-AA83-88D7-22EC73F1EECC}.Debug|Any CPU.Build.0 = Debug|Any CPU
		{1114E5BF-115F-AA83-88D7-22EC73F1EECC}.Release|Any CPU.ActiveCfg = Release|Any CPU
		{1114E5BF-115F-AA83-88D7-22EC73F1EECC}.Release|Any CPU.Build.0 = Release|Any CPU
		{8EE5BBF8-CA22-E346-31FF-D906D10904D1}.Debug|Any CPU.ActiveCfg = Debug|Any CPU
		{8EE5BBF8-CA22-E346-31FF-D906D10904D1}.Debug|Any CPU.Build.0 = Debug|Any CPU
		{8EE5BBF8-CA22-E346-31FF-D906D10904D1}.Release|Any CPU.ActiveCfg = Release|Any CPU
		{8EE5BBF8-CA22-E346-31FF-D906D10904D1}.Release|Any CPU.Build.0 = Release|Any CPU
		{8C8B0FF4-F173-9F9E-2416-DE1502E71476}.Debug|Any CPU.ActiveCfg = Debug|Any CPU
		{8C8B0FF4-F173-9F9E-2416-DE1502E71476}.Debug|Any CPU.Build.0 = Debug|Any CPU
		{8C8B0FF4-F173-9F9E-2416-DE1502E71476}.Release|Any CPU.ActiveCfg = Release|Any CPU
		{8C8B0FF4-F173-9F9E-2416-DE1502E71476}.Release|Any CPU.Build.0 = Release|Any CPU
		{E4EE6041-99AB-36E1-E2A6-16342F6ADBA8}.Debug|Any CPU.ActiveCfg = Debug|Any CPU
		{E4EE6041-99AB-36E1-E2A6-16342F6ADBA8}.Debug|Any CPU.Build.0 = Debug|Any CPU
		{E4EE6041-99AB-36E1-E2A6-16342F6ADBA8}.Release|Any CPU.ActiveCfg = Release|Any CPU
		{E4EE6041-99AB-36E1-E2A6-16342F6ADBA8}.Release|Any CPU.Build.0 = Release|Any CPU
		{B40C59B7-814A-3097-127A-2099EE0FA3FE}.Debug|Any CPU.ActiveCfg = Debug|Any CPU
		{B40C59B7-814A-3097-127A-2099EE0FA3FE}.Debug|Any CPU.Build.0 = Debug|Any CPU
		{B40C59B7-814A-3097-127A-2099EE0FA3FE}.Release|Any CPU.ActiveCfg = Release|Any CPU
		{B40C59B7-814A-3097-127A-2099EE0FA3FE}.Release|Any CPU.Build.0 = Release|Any CPU
		{26231E5E-58C8-708A-6124-230ED5FA6051}.Debug|Any CPU.ActiveCfg = Debug|Any CPU
		{26231E5E-58C8-708A-6124-230ED5FA6051}.Debug|Any CPU.Build.0 = Debug|Any CPU
		{26231E5E-58C8-708A-6124-230ED5FA6051}.Release|Any CPU.ActiveCfg = Release|Any CPU
		{26231E5E-58C8-708A-6124-230ED5FA6051}.Release|Any CPU.Build.0 = Release|Any CPU
		{8BDD85FA-BA5A-138F-762D-A77C0C7C18AA}.Debug|Any CPU.ActiveCfg = Debug|Any CPU
		{8BDD85FA-BA5A-138F-762D-A77C0C7C18AA}.Debug|Any CPU.Build.0 = Debug|Any CPU
		{8BDD85FA-BA5A-138F-762D-A77C0C7C18AA}.Release|Any CPU.ActiveCfg = Release|Any CPU
		{8BDD85FA-BA5A-138F-762D-A77C0C7C18AA}.Release|Any CPU.Build.0 = Release|Any CPU
		{29832052-9400-8A68-E246-B8682B193165}.Debug|Any CPU.ActiveCfg = Debug|Any CPU
		{29832052-9400-8A68-E246-B8682B193165}.Debug|Any CPU.Build.0 = Debug|Any CPU
		{29832052-9400-8A68-E246-B8682B193165}.Release|Any CPU.ActiveCfg = Release|Any CPU
		{29832052-9400-8A68-E246-B8682B193165}.Release|Any CPU.Build.0 = Release|Any CPU
		{B1AA1194-2DC7-ADDA-70EF-432DE321912E}.Debug|Any CPU.ActiveCfg = Debug|Any CPU
		{B1AA1194-2DC7-ADDA-70EF-432DE321912E}.Debug|Any CPU.Build.0 = Debug|Any CPU
		{B1AA1194-2DC7-ADDA-70EF-432DE321912E}.Release|Any CPU.ActiveCfg = Release|Any CPU
		{B1AA1194-2DC7-ADDA-70EF-432DE321912E}.Release|Any CPU.Build.0 = Release|Any CPU
		{9E7D5D90-7BD6-E906-11ED-74A47A5A8D71}.Debug|Any CPU.ActiveCfg = Debug|Any CPU
		{9E7D5D90-7BD6-E906-11ED-74A47A5A8D71}.Debug|Any CPU.Build.0 = Debug|Any CPU
		{9E7D5D90-7BD6-E906-11ED-74A47A5A8D71}.Release|Any CPU.ActiveCfg = Release|Any CPU
		{9E7D5D90-7BD6-E906-11ED-74A47A5A8D71}.Release|Any CPU.Build.0 = Release|Any CPU
		{D69C0DD7-F04A-642B-AB40-29EF62D9C53F}.Debug|Any CPU.ActiveCfg = Debug|Any CPU
		{D69C0DD7-F04A-642B-AB40-29EF62D9C53F}.Debug|Any CPU.Build.0 = Debug|Any CPU
		{D69C0DD7-F04A-642B-AB40-29EF62D9C53F}.Release|Any CPU.ActiveCfg = Release|Any CPU
		{D69C0DD7-F04A-642B-AB40-29EF62D9C53F}.Release|Any CPU.Build.0 = Release|Any CPU
		{6AB8DBE1-2A68-4810-2AE7-9D64ED8157E9}.Debug|Any CPU.ActiveCfg = Debug|Any CPU
		{6AB8DBE1-2A68-4810-2AE7-9D64ED8157E9}.Debug|Any CPU.Build.0 = Debug|Any CPU
		{6AB8DBE1-2A68-4810-2AE7-9D64ED8157E9}.Release|Any CPU.ActiveCfg = Release|Any CPU
		{6AB8DBE1-2A68-4810-2AE7-9D64ED8157E9}.Release|Any CPU.Build.0 = Release|Any CPU
		{834AB452-C48E-22B5-043C-CEA3E0D92284}.Debug|Any CPU.ActiveCfg = Debug|Any CPU
		{834AB452-C48E-22B5-043C-CEA3E0D92284}.Debug|Any CPU.Build.0 = Debug|Any CPU
		{834AB452-C48E-22B5-043C-CEA3E0D92284}.Release|Any CPU.ActiveCfg = Release|Any CPU
		{834AB452-C48E-22B5-043C-CEA3E0D92284}.Release|Any CPU.Build.0 = Release|Any CPU
		{93EA63D1-4817-3E0B-78EB-41724A64DC8A}.Debug|Any CPU.ActiveCfg = Debug|Any CPU
		{93EA63D1-4817-3E0B-78EB-41724A64DC8A}.Debug|Any CPU.Build.0 = Debug|Any CPU
		{93EA63D1-4817-3E0B-78EB-41724A64DC8A}.Release|Any CPU.ActiveCfg = Release|Any CPU
		{93EA63D1-4817-3E0B-78EB-41724A64DC8A}.Release|Any CPU.Build.0 = Release|Any CPU
		{4DC6BCE9-9F9C-2580-FCC6-927B2E94155A}.Debug|Any CPU.ActiveCfg = Debug|Any CPU
		{4DC6BCE9-9F9C-2580-FCC6-927B2E94155A}.Debug|Any CPU.Build.0 = Debug|Any CPU
		{4DC6BCE9-9F9C-2580-FCC6-927B2E94155A}.Release|Any CPU.ActiveCfg = Release|Any CPU
		{4DC6BCE9-9F9C-2580-FCC6-927B2E94155A}.Release|Any CPU.Build.0 = Release|Any CPU
		{754F1971-0F80-032A-8FD6-F6AED7ACC753}.Debug|Any CPU.ActiveCfg = Debug|Any CPU
		{754F1971-0F80-032A-8FD6-F6AED7ACC753}.Debug|Any CPU.Build.0 = Debug|Any CPU
		{754F1971-0F80-032A-8FD6-F6AED7ACC753}.Release|Any CPU.ActiveCfg = Release|Any CPU
		{754F1971-0F80-032A-8FD6-F6AED7ACC753}.Release|Any CPU.Build.0 = Release|Any CPU
		{4A7C178A-AFF5-C8A1-5DE9-931F6E660DA5}.Debug|Any CPU.ActiveCfg = Debug|Any CPU
		{4A7C178A-AFF5-C8A1-5DE9-931F6E660DA5}.Debug|Any CPU.Build.0 = Debug|Any CPU
		{4A7C178A-AFF5-C8A1-5DE9-931F6E660DA5}.Release|Any CPU.ActiveCfg = Release|Any CPU
		{4A7C178A-AFF5-C8A1-5DE9-931F6E660DA5}.Release|Any CPU.Build.0 = Release|Any CPU
		{8773C8C2-AC3B-1161-905F-03B8862ED61A}.Debug|Any CPU.ActiveCfg = Debug|Any CPU
		{8773C8C2-AC3B-1161-905F-03B8862ED61A}.Debug|Any CPU.Build.0 = Debug|Any CPU
		{8773C8C2-AC3B-1161-905F-03B8862ED61A}.Release|Any CPU.ActiveCfg = Release|Any CPU
		{8773C8C2-AC3B-1161-905F-03B8862ED61A}.Release|Any CPU.Build.0 = Release|Any CPU
		{98EE9471-4AAB-B1A8-0C76-0FA33C3A9B87}.Debug|Any CPU.ActiveCfg = Debug|Any CPU
		{98EE9471-4AAB-B1A8-0C76-0FA33C3A9B87}.Debug|Any CPU.Build.0 = Debug|Any CPU
		{98EE9471-4AAB-B1A8-0C76-0FA33C3A9B87}.Release|Any CPU.ActiveCfg = Release|Any CPU
		{98EE9471-4AAB-B1A8-0C76-0FA33C3A9B87}.Release|Any CPU.Build.0 = Release|Any CPU
		{D0B66EC1-53EF-99DB-C4C0-8C587737F3DA}.Debug|Any CPU.ActiveCfg = Debug|Any CPU
		{D0B66EC1-53EF-99DB-C4C0-8C587737F3DA}.Debug|Any CPU.Build.0 = Debug|Any CPU
		{D0B66EC1-53EF-99DB-C4C0-8C587737F3DA}.Release|Any CPU.ActiveCfg = Release|Any CPU
		{D0B66EC1-53EF-99DB-C4C0-8C587737F3DA}.Release|Any CPU.Build.0 = Release|Any CPU
		{56966C8C-F760-C531-BEB3-185DD7998B7A}.Debug|Any CPU.ActiveCfg = Debug|Any CPU
		{56966C8C-F760-C531-BEB3-185DD7998B7A}.Debug|Any CPU.Build.0 = Debug|Any CPU
		{56966C8C-F760-C531-BEB3-185DD7998B7A}.Release|Any CPU.ActiveCfg = Release|Any CPU
		{56966C8C-F760-C531-BEB3-185DD7998B7A}.Release|Any CPU.Build.0 = Release|Any CPU
		{6B52877D-AFAE-F2A5-FD9D-BF72071EC72B}.Debug|Any CPU.ActiveCfg = Debug|Any CPU
		{6B52877D-AFAE-F2A5-FD9D-BF72071EC72B}.Debug|Any CPU.Build.0 = Debug|Any CPU
		{6B52877D-AFAE-F2A5-FD9D-BF72071EC72B}.Release|Any CPU.ActiveCfg = Release|Any CPU
		{6B52877D-AFAE-F2A5-FD9D-BF72071EC72B}.Release|Any CPU.Build.0 = Release|Any CPU
		{F4FEF941-0BA2-2980-EA31-DB6841AD732A}.Debug|Any CPU.ActiveCfg = Debug|Any CPU
		{F4FEF941-0BA2-2980-EA31-DB6841AD732A}.Debug|Any CPU.Build.0 = Debug|Any CPU
		{F4FEF941-0BA2-2980-EA31-DB6841AD732A}.Release|Any CPU.ActiveCfg = Release|Any CPU
		{F4FEF941-0BA2-2980-EA31-DB6841AD732A}.Release|Any CPU.Build.0 = Release|Any CPU
		{88D9C75D-2668-ACE3-A5DC-D6407302A02E}.Debug|Any CPU.ActiveCfg = Debug|Any CPU
		{88D9C75D-2668-ACE3-A5DC-D6407302A02E}.Debug|Any CPU.Build.0 = Debug|Any CPU
		{88D9C75D-2668-ACE3-A5DC-D6407302A02E}.Release|Any CPU.ActiveCfg = Release|Any CPU
		{88D9C75D-2668-ACE3-A5DC-D6407302A02E}.Release|Any CPU.Build.0 = Release|Any CPU
		{FC8AAA2B-92F4-B3E9-8732-9D70A46C18FC}.Debug|Any CPU.ActiveCfg = Debug|Any CPU
		{FC8AAA2B-92F4-B3E9-8732-9D70A46C18FC}.Debug|Any CPU.Build.0 = Debug|Any CPU
		{FC8AAA2B-92F4-B3E9-8732-9D70A46C18FC}.Release|Any CPU.ActiveCfg = Release|Any CPU
		{FC8AAA2B-92F4-B3E9-8732-9D70A46C18FC}.Release|Any CPU.Build.0 = Release|Any CPU
		{0CD98BBF-47FD-C184-EDB4-22856577C689}.Debug|Any CPU.ActiveCfg = Debug|Any CPU
		{0CD98BBF-47FD-C184-EDB4-22856577C689}.Debug|Any CPU.Build.0 = Debug|Any CPU
		{0CD98BBF-47FD-C184-EDB4-22856577C689}.Release|Any CPU.ActiveCfg = Release|Any CPU
		{0CD98BBF-47FD-C184-EDB4-22856577C689}.Release|Any CPU.Build.0 = Release|Any CPU
		{5E7B834B-47EB-AF5F-8CE9-0392E21A0D30}.Debug|Any CPU.ActiveCfg = Debug|Any CPU
		{5E7B834B-47EB-AF5F-8CE9-0392E21A0D30}.Debug|Any CPU.Build.0 = Debug|Any CPU
		{5E7B834B-47EB-AF5F-8CE9-0392E21A0D30}.Release|Any CPU.ActiveCfg = Release|Any CPU
		{5E7B834B-47EB-AF5F-8CE9-0392E21A0D30}.Release|Any CPU.Build.0 = Release|Any CPU
		{205EBEF5-97D7-1FA5-6ADF-6A8FA71A5631}.Debug|Any CPU.ActiveCfg = Debug|Any CPU
		{205EBEF5-97D7-1FA5-6ADF-6A8FA71A5631}.Debug|Any CPU.Build.0 = Debug|Any CPU
		{205EBEF5-97D7-1FA5-6ADF-6A8FA71A5631}.Release|Any CPU.ActiveCfg = Release|Any CPU
		{205EBEF5-97D7-1FA5-6ADF-6A8FA71A5631}.Release|Any CPU.Build.0 = Release|Any CPU
		{2C6FF3A5-B219-83AF-16FE-573FA378218F}.Debug|Any CPU.ActiveCfg = Debug|Any CPU
		{2C6FF3A5-B219-83AF-16FE-573FA378218F}.Debug|Any CPU.Build.0 = Debug|Any CPU
		{2C6FF3A5-B219-83AF-16FE-573FA378218F}.Release|Any CPU.ActiveCfg = Release|Any CPU
		{2C6FF3A5-B219-83AF-16FE-573FA378218F}.Release|Any CPU.Build.0 = Release|Any CPU
		{DCA6D9AF-8145-72A5-5B37-3303C2029FCB}.Debug|Any CPU.ActiveCfg = Debug|Any CPU
		{DCA6D9AF-8145-72A5-5B37-3303C2029FCB}.Debug|Any CPU.Build.0 = Debug|Any CPU
		{DCA6D9AF-8145-72A5-5B37-3303C2029FCB}.Release|Any CPU.ActiveCfg = Release|Any CPU
		{DCA6D9AF-8145-72A5-5B37-3303C2029FCB}.Release|Any CPU.Build.0 = Release|Any CPU
		{60EBF0E5-7B71-826E-E69F-4C6ECD5B4E34}.Debug|Any CPU.ActiveCfg = Debug|Any CPU
		{60EBF0E5-7B71-826E-E69F-4C6ECD5B4E34}.Debug|Any CPU.Build.0 = Debug|Any CPU
		{60EBF0E5-7B71-826E-E69F-4C6ECD5B4E34}.Release|Any CPU.ActiveCfg = Release|Any CPU
		{60EBF0E5-7B71-826E-E69F-4C6ECD5B4E34}.Release|Any CPU.Build.0 = Release|Any CPU
		{912B331A-C8E3-CAA7-6B03-37577B580083}.Debug|Any CPU.ActiveCfg = Debug|Any CPU
		{912B331A-C8E3-CAA7-6B03-37577B580083}.Debug|Any CPU.Build.0 = Debug|Any CPU
		{912B331A-C8E3-CAA7-6B03-37577B580083}.Release|Any CPU.ActiveCfg = Release|Any CPU
		{912B331A-C8E3-CAA7-6B03-37577B580083}.Release|Any CPU.Build.0 = Release|Any CPU
		{2B6AA38B-9FD6-C87E-4BB4-9A0C41BCDC9A}.Debug|Any CPU.ActiveCfg = Debug|Any CPU
		{2B6AA38B-9FD6-C87E-4BB4-9A0C41BCDC9A}.Debug|Any CPU.Build.0 = Debug|Any CPU
		{2B6AA38B-9FD6-C87E-4BB4-9A0C41BCDC9A}.Release|Any CPU.ActiveCfg = Release|Any CPU
		{2B6AA38B-9FD6-C87E-4BB4-9A0C41BCDC9A}.Release|Any CPU.Build.0 = Release|Any CPU
		{34F44686-A509-E847-98CF-CEC22F0F5219}.Debug|Any CPU.ActiveCfg = Debug|Any CPU
		{34F44686-A509-E847-98CF-CEC22F0F5219}.Debug|Any CPU.Build.0 = Debug|Any CPU
		{34F44686-A509-E847-98CF-CEC22F0F5219}.Release|Any CPU.ActiveCfg = Release|Any CPU
		{34F44686-A509-E847-98CF-CEC22F0F5219}.Release|Any CPU.Build.0 = Release|Any CPU
		{B5ACD7C5-2698-FBAF-E7AD-C728C7982E75}.Debug|Any CPU.ActiveCfg = Debug|Any CPU
		{B5ACD7C5-2698-FBAF-E7AD-C728C7982E75}.Debug|Any CPU.Build.0 = Debug|Any CPU
		{B5ACD7C5-2698-FBAF-E7AD-C728C7982E75}.Release|Any CPU.ActiveCfg = Release|Any CPU
		{B5ACD7C5-2698-FBAF-E7AD-C728C7982E75}.Release|Any CPU.Build.0 = Release|Any CPU
		{1F9AA694-8145-775D-5548-802FD82C110E}.Debug|Any CPU.ActiveCfg = Debug|Any CPU
		{1F9AA694-8145-775D-5548-802FD82C110E}.Debug|Any CPU.Build.0 = Debug|Any CPU
		{1F9AA694-8145-775D-5548-802FD82C110E}.Release|Any CPU.ActiveCfg = Release|Any CPU
		{1F9AA694-8145-775D-5548-802FD82C110E}.Release|Any CPU.Build.0 = Release|Any CPU
		{49F32A32-6A02-BB39-C596-10BDDF4064BC}.Debug|Any CPU.ActiveCfg = Debug|Any CPU
		{49F32A32-6A02-BB39-C596-10BDDF4064BC}.Debug|Any CPU.Build.0 = Debug|Any CPU
		{49F32A32-6A02-BB39-C596-10BDDF4064BC}.Release|Any CPU.ActiveCfg = Release|Any CPU
		{49F32A32-6A02-BB39-C596-10BDDF4064BC}.Release|Any CPU.Build.0 = Release|Any CPU
		{674467E4-E236-5D22-6D79-AF2E3A19C265}.Debug|Any CPU.ActiveCfg = Debug|Any CPU
		{674467E4-E236-5D22-6D79-AF2E3A19C265}.Debug|Any CPU.Build.0 = Debug|Any CPU
		{674467E4-E236-5D22-6D79-AF2E3A19C265}.Release|Any CPU.ActiveCfg = Release|Any CPU
		{674467E4-E236-5D22-6D79-AF2E3A19C265}.Release|Any CPU.Build.0 = Release|Any CPU
		{7ECA921F-3EFC-470D-5E8E-5CFAA5DBD8D7}.Debug|Any CPU.ActiveCfg = Debug|Any CPU
		{7ECA921F-3EFC-470D-5E8E-5CFAA5DBD8D7}.Debug|Any CPU.Build.0 = Debug|Any CPU
		{7ECA921F-3EFC-470D-5E8E-5CFAA5DBD8D7}.Release|Any CPU.ActiveCfg = Release|Any CPU
		{7ECA921F-3EFC-470D-5E8E-5CFAA5DBD8D7}.Release|Any CPU.Build.0 = Release|Any CPU
		{0D0A118F-B966-771A-50AE-A08C01E7FB51}.Debug|Any CPU.ActiveCfg = Debug|Any CPU
		{0D0A118F-B966-771A-50AE-A08C01E7FB51}.Debug|Any CPU.Build.0 = Debug|Any CPU
		{0D0A118F-B966-771A-50AE-A08C01E7FB51}.Release|Any CPU.ActiveCfg = Release|Any CPU
		{0D0A118F-B966-771A-50AE-A08C01E7FB51}.Release|Any CPU.Build.0 = Release|Any CPU
		{2907D566-2626-B3A4-FF77-E63A89FDBA34}.Debug|Any CPU.ActiveCfg = Debug|Any CPU
		{2907D566-2626-B3A4-FF77-E63A89FDBA34}.Debug|Any CPU.Build.0 = Debug|Any CPU
		{2907D566-2626-B3A4-FF77-E63A89FDBA34}.Release|Any CPU.ActiveCfg = Release|Any CPU
		{2907D566-2626-B3A4-FF77-E63A89FDBA34}.Release|Any CPU.Build.0 = Release|Any CPU
		{B10584DB-843E-734E-9946-144C27668424}.Debug|Any CPU.ActiveCfg = Debug|Any CPU
		{B10584DB-843E-734E-9946-144C27668424}.Debug|Any CPU.Build.0 = Debug|Any CPU
		{B10584DB-843E-734E-9946-144C27668424}.Release|Any CPU.ActiveCfg = Release|Any CPU
		{B10584DB-843E-734E-9946-144C27668424}.Release|Any CPU.Build.0 = Release|Any CPU
		{008D4292-484E-D50F-D1C4-6A21A8E9BB61}.Debug|Any CPU.ActiveCfg = Debug|Any CPU
		{008D4292-484E-D50F-D1C4-6A21A8E9BB61}.Debug|Any CPU.Build.0 = Debug|Any CPU
		{008D4292-484E-D50F-D1C4-6A21A8E9BB61}.Release|Any CPU.ActiveCfg = Release|Any CPU
		{008D4292-484E-D50F-D1C4-6A21A8E9BB61}.Release|Any CPU.Build.0 = Release|Any CPU
		{A9F273C7-0F93-FF90-EFBE-50CCC74D4035}.Debug|Any CPU.ActiveCfg = Debug|Any CPU
		{A9F273C7-0F93-FF90-EFBE-50CCC74D4035}.Debug|Any CPU.Build.0 = Debug|Any CPU
		{A9F273C7-0F93-FF90-EFBE-50CCC74D4035}.Release|Any CPU.ActiveCfg = Release|Any CPU
		{A9F273C7-0F93-FF90-EFBE-50CCC74D4035}.Release|Any CPU.Build.0 = Release|Any CPU
		{E72926AB-E4C4-182B-00D6-6BBC47E84B33}.Debug|Any CPU.ActiveCfg = Debug|Any CPU
		{E72926AB-E4C4-182B-00D6-6BBC47E84B33}.Debug|Any CPU.Build.0 = Debug|Any CPU
		{E72926AB-E4C4-182B-00D6-6BBC47E84B33}.Release|Any CPU.ActiveCfg = Release|Any CPU
		{E72926AB-E4C4-182B-00D6-6BBC47E84B33}.Release|Any CPU.Build.0 = Release|Any CPU
		{5AEF5DAD-BDDF-3390-F42D-F34E7B1AC4AF}.Debug|Any CPU.ActiveCfg = Debug|Any CPU
		{5AEF5DAD-BDDF-3390-F42D-F34E7B1AC4AF}.Debug|Any CPU.Build.0 = Debug|Any CPU
		{5AEF5DAD-BDDF-3390-F42D-F34E7B1AC4AF}.Release|Any CPU.ActiveCfg = Release|Any CPU
		{5AEF5DAD-BDDF-3390-F42D-F34E7B1AC4AF}.Release|Any CPU.Build.0 = Release|Any CPU
		{337681D9-2E72-0E84-9CAF-BF4EB70E9A4A}.Debug|Any CPU.ActiveCfg = Debug|Any CPU
		{337681D9-2E72-0E84-9CAF-BF4EB70E9A4A}.Debug|Any CPU.Build.0 = Debug|Any CPU
		{337681D9-2E72-0E84-9CAF-BF4EB70E9A4A}.Release|Any CPU.ActiveCfg = Release|Any CPU
		{337681D9-2E72-0E84-9CAF-BF4EB70E9A4A}.Release|Any CPU.Build.0 = Release|Any CPU
		{2A3977FF-DB68-871F-20E9-149356556205}.Debug|Any CPU.ActiveCfg = Debug|Any CPU
		{2A3977FF-DB68-871F-20E9-149356556205}.Debug|Any CPU.Build.0 = Debug|Any CPU
		{2A3977FF-DB68-871F-20E9-149356556205}.Release|Any CPU.ActiveCfg = Release|Any CPU
		{2A3977FF-DB68-871F-20E9-149356556205}.Release|Any CPU.Build.0 = Release|Any CPU
		{69A06EE4-73E1-D0F6-3F4E-1EEA2D08056C}.Debug|Any CPU.ActiveCfg = Debug|Any CPU
		{69A06EE4-73E1-D0F6-3F4E-1EEA2D08056C}.Debug|Any CPU.Build.0 = Debug|Any CPU
		{69A06EE4-73E1-D0F6-3F4E-1EEA2D08056C}.Release|Any CPU.ActiveCfg = Release|Any CPU
		{69A06EE4-73E1-D0F6-3F4E-1EEA2D08056C}.Release|Any CPU.Build.0 = Release|Any CPU
		{0A39A017-D8E0-1DF3-1B86-BB23DF8567C8}.Debug|Any CPU.ActiveCfg = Debug|Any CPU
		{0A39A017-D8E0-1DF3-1B86-BB23DF8567C8}.Debug|Any CPU.Build.0 = Debug|Any CPU
		{0A39A017-D8E0-1DF3-1B86-BB23DF8567C8}.Release|Any CPU.ActiveCfg = Release|Any CPU
		{0A39A017-D8E0-1DF3-1B86-BB23DF8567C8}.Release|Any CPU.Build.0 = Release|Any CPU
		{3936EC45-5A0D-83AA-3F56-DAB87F70EDA6}.Debug|Any CPU.ActiveCfg = Debug|Any CPU
		{3936EC45-5A0D-83AA-3F56-DAB87F70EDA6}.Debug|Any CPU.Build.0 = Debug|Any CPU
		{3936EC45-5A0D-83AA-3F56-DAB87F70EDA6}.Release|Any CPU.ActiveCfg = Release|Any CPU
		{3936EC45-5A0D-83AA-3F56-DAB87F70EDA6}.Release|Any CPU.Build.0 = Release|Any CPU
		{8FB7DDEE-87E2-FEC3-8E13-20D68E3C000B}.Debug|Any CPU.ActiveCfg = Debug|Any CPU
		{8FB7DDEE-87E2-FEC3-8E13-20D68E3C000B}.Debug|Any CPU.Build.0 = Debug|Any CPU
		{8FB7DDEE-87E2-FEC3-8E13-20D68E3C000B}.Release|Any CPU.ActiveCfg = Release|Any CPU
		{8FB7DDEE-87E2-FEC3-8E13-20D68E3C000B}.Release|Any CPU.Build.0 = Release|Any CPU
		{D31EE14A-27AA-B617-4B0C-C2D7737E76A5}.Debug|Any CPU.ActiveCfg = Debug|Any CPU
		{D31EE14A-27AA-B617-4B0C-C2D7737E76A5}.Debug|Any CPU.Build.0 = Debug|Any CPU
		{D31EE14A-27AA-B617-4B0C-C2D7737E76A5}.Release|Any CPU.ActiveCfg = Release|Any CPU
		{D31EE14A-27AA-B617-4B0C-C2D7737E76A5}.Release|Any CPU.Build.0 = Release|Any CPU
		{C3F84FCA-6E6E-86A5-8719-7AE6DEACB6E1}.Debug|Any CPU.ActiveCfg = Debug|Any CPU
		{C3F84FCA-6E6E-86A5-8719-7AE6DEACB6E1}.Debug|Any CPU.Build.0 = Debug|Any CPU
		{C3F84FCA-6E6E-86A5-8719-7AE6DEACB6E1}.Release|Any CPU.ActiveCfg = Release|Any CPU
		{C3F84FCA-6E6E-86A5-8719-7AE6DEACB6E1}.Release|Any CPU.Build.0 = Release|Any CPU
		{110F17EA-4CD8-8013-2209-DCE48BAF207D}.Debug|Any CPU.ActiveCfg = Debug|Any CPU
		{110F17EA-4CD8-8013-2209-DCE48BAF207D}.Debug|Any CPU.Build.0 = Debug|Any CPU
		{110F17EA-4CD8-8013-2209-DCE48BAF207D}.Release|Any CPU.ActiveCfg = Release|Any CPU
		{110F17EA-4CD8-8013-2209-DCE48BAF207D}.Release|Any CPU.Build.0 = Release|Any CPU
		{21F3A49E-18FF-1188-5AD6-FC1681023B81}.Debug|Any CPU.ActiveCfg = Debug|Any CPU
		{21F3A49E-18FF-1188-5AD6-FC1681023B81}.Debug|Any CPU.Build.0 = Debug|Any CPU
		{21F3A49E-18FF-1188-5AD6-FC1681023B81}.Release|Any CPU.ActiveCfg = Release|Any CPU
		{21F3A49E-18FF-1188-5AD6-FC1681023B81}.Release|Any CPU.Build.0 = Release|Any CPU
		{AC04E307-0B0B-950F-4E9E-71357388339F}.Debug|Any CPU.ActiveCfg = Debug|Any CPU
		{AC04E307-0B0B-950F-4E9E-71357388339F}.Debug|Any CPU.Build.0 = Debug|Any CPU
		{AC04E307-0B0B-950F-4E9E-71357388339F}.Release|Any CPU.ActiveCfg = Release|Any CPU
		{AC04E307-0B0B-950F-4E9E-71357388339F}.Release|Any CPU.Build.0 = Release|Any CPU
		{1D1905F6-DDA2-56DA-6309-435FC8DD85B5}.Debug|Any CPU.ActiveCfg = Debug|Any CPU
		{1D1905F6-DDA2-56DA-6309-435FC8DD85B5}.Debug|Any CPU.Build.0 = Debug|Any CPU
		{1D1905F6-DDA2-56DA-6309-435FC8DD85B5}.Release|Any CPU.ActiveCfg = Release|Any CPU
		{1D1905F6-DDA2-56DA-6309-435FC8DD85B5}.Release|Any CPU.Build.0 = Release|Any CPU
	EndGlobalSection
	GlobalSection(SolutionProperties) = preSolution
		HideSolutionNode = FALSE
	EndGlobalSection
EndGlobal
